
Microsoft Visual Studio Solution File, Format Version 12.00
# Visual Studio Version 16
VisualStudioVersion = 16.0.31424.327
MinimumVisualStudioVersion = 10.0.40219.1
Project("{9A19103F-16F7-4668-BE54-9A1E7A4F7556}") = "Blazor.ServerSide", "ASP.NetCore\Blazor.ServerSide\Blazor.ServerSide.csproj", "{7B294219-B9DF-49CB-837A-A1D14F862F53}"
EndProject
Project("{9A19103F-16F7-4668-BE54-9A1E7A4F7556}") = "BusinessObjectsLibrary", "BusinessObjectsLibrary\BusinessObjectsLibrary.csproj", "{D4F24473-ED38-4303-9916-2B0BC4BC7380}"
EndProject
Project("{9A19103F-16F7-4668-BE54-9A1E7A4F7556}") = "DatabaseUpdater.EFCore", "DatabaseUpdater\DatabaseUpdater.EFCore.csproj", "{875E71E5-D38A-49AA-9680-DB63680001E8}"
EndProject
Global
	GlobalSection(SolutionConfigurationPlatforms) = preSolution
		Debug|Any CPU = Debug|Any CPU
		Release|Any CPU = Release|Any CPU
	EndGlobalSection
	GlobalSection(ProjectConfigurationPlatforms) = postSolution
		{7B294219-B9DF-49CB-837A-A1D14F862F53}.Debug|Any CPU.ActiveCfg = Debug|Any CPU
		{7B294219-B9DF-49CB-837A-A1D14F862F53}.Debug|Any CPU.Build.0 = Debug|Any CPU
		{7B294219-B9DF-49CB-837A-A1D14F862F53}.Release|Any CPU.ActiveCfg = Release|Any CPU
		{7B294219-B9DF-49CB-837A-A1D14F862F53}.Release|Any CPU.Build.0 = Release|Any CPU
		{D4F24473-ED38-4303-9916-2B0BC4BC7380}.Debug|Any CPU.ActiveCfg = Debug|Any CPU
		{D4F24473-ED38-4303-9916-2B0BC4BC7380}.Debug|Any CPU.Build.0 = Debug|Any CPU
		{D4F24473-ED38-4303-9916-2B0BC4BC7380}.Release|Any CPU.ActiveCfg = Release|Any CPU
		{D4F24473-ED38-4303-9916-2B0BC4BC7380}.Release|Any CPU.Build.0 = Release|Any CPU
		{875E71E5-D38A-49AA-9680-DB63680001E8}.Debug|Any CPU.ActiveCfg = Debug|Any CPU
		{875E71E5-D38A-49AA-9680-DB63680001E8}.Debug|Any CPU.Build.0 = Debug|Any CPU
		{875E71E5-D38A-49AA-9680-DB63680001E8}.Release|Any CPU.ActiveCfg = Release|Any CPU
		{875E71E5-D38A-49AA-9680-DB63680001E8}.Release|Any CPU.Build.0 = Release|Any CPU
	EndGlobalSection
	GlobalSection(SolutionProperties) = preSolution
		HideSolutionNode = FALSE
	EndGlobalSection
	GlobalSection(ExtensibilityGlobals) = postSolution
		SolutionGuid = {5BDE553D-FA7D-437C-86B2-65608A9746C3}
	EndGlobalSection
EndGlobal
