
Microsoft Visual Studio Solution File, Format Version 12.00
# Visual Studio Version 16
VisualStudioVersion = 16.0.29424.173
MinimumVisualStudioVersion = 10.0.40219.1
Project("{2150E333-8FDC-42A3-9474-1A3956D46DE8}") = "Console", "Console", "{602216DE-2E89-492D-B499-EF490B946596}"
EndProject
Project("{2150E333-8FDC-42A3-9474-1A3956D46DE8}") = "CS", "CS", "{DCB3B083-0F92-4550-9556-6C69728CA3F9}"
EndProject
Project("{9A19103F-16F7-4668-BE54-9A1E7A4F7556}") = "ConsoleApplication.EFCore.NetCore", "Console\CS\ConsoleApplication.EFCore.NetCore.csproj", "{86883755-83CD-402D-BD56-0690B714D0A1}"
EndProject
Project("{2150E333-8FDC-42A3-9474-1A3956D46DE8}") = "VB", "VB", "{E1DF4A25-A05C-4E7F-B460-68C9E8AC3CCD}"
EndProject
Project("{9A19103F-16F7-4668-BE54-9A1E7A4F7556}") = "BusinessObjectsLibrary.EFCore.NetCore", "BusinessObjectsLibrary\BusinessObjectsLibrary.EFCore.NetCore.csproj", "{A8F2572B-79F6-4580-92BB-56069FE65796}"
EndProject
Project("{778DAE3C-4631-46EA-AA77-85C1314464D9}") = "ConsoleApplication.EFCore.NetCore", "Console\VB\ConsoleApplication.EFCore.NetCore.vbproj", "{999F072D-C654-4A6D-8527-3AA9C0D258E2}"
EndProject
Project("{FAE04EC0-301F-11D3-BF4B-00C04F79EFBC}") = "DatabaseUpdater", "DatabaseUpdater\DatabaseUpdater.csproj", "{DB4F2CDD-E1D0-48A0-BD16-5203D0B527F6}"
EndProject
Global
	GlobalSection(SolutionConfigurationPlatforms) = preSolution
		Debug|Any CPU = Debug|Any CPU
		Release|Any CPU = Release|Any CPU
	EndGlobalSection
	GlobalSection(ProjectConfigurationPlatforms) = postSolution
		{86883755-83CD-402D-BD56-0690B714D0A1}.Debug|Any CPU.ActiveCfg = Debug|Any CPU
		{86883755-83CD-402D-BD56-0690B714D0A1}.Debug|Any CPU.Build.0 = Debug|Any CPU
		{86883755-83CD-402D-BD56-0690B714D0A1}.Release|Any CPU.ActiveCfg = Release|Any CPU
		{86883755-83CD-402D-BD56-0690B714D0A1}.Release|Any CPU.Build.0 = Release|Any CPU
		{A8F2572B-79F6-4580-92BB-56069FE65796}.Debug|Any CPU.ActiveCfg = Debug|Any CPU
		{A8F2572B-79F6-4580-92BB-56069FE65796}.Debug|Any CPU.Build.0 = Debug|Any CPU
		{A8F2572B-79F6-4580-92BB-56069FE65796}.Release|Any CPU.ActiveCfg = Release|Any CPU
		{A8F2572B-79F6-4580-92BB-56069FE65796}.Release|Any CPU.Build.0 = Release|Any CPU
		{999F072D-C654-4A6D-8527-3AA9C0D258E2}.Debug|Any CPU.ActiveCfg = Debug|Any CPU
		{999F072D-C654-4A6D-8527-3AA9C0D258E2}.Debug|Any CPU.Build.0 = Debug|Any CPU
		{999F072D-C654-4A6D-8527-3AA9C0D258E2}.Release|Any CPU.ActiveCfg = Release|Any CPU
		{999F072D-C654-4A6D-8527-3AA9C0D258E2}.Release|Any CPU.Build.0 = Release|Any CPU
		{DB4F2CDD-E1D0-48A0-BD16-5203D0B527F6}.Debug|Any CPU.ActiveCfg = Debug|Any CPU
		{DB4F2CDD-E1D0-48A0-BD16-5203D0B527F6}.Debug|Any CPU.Build.0 = Debug|Any CPU
		{DB4F2CDD-E1D0-48A0-BD16-5203D0B527F6}.Release|Any CPU.ActiveCfg = Release|Any CPU
		{DB4F2CDD-E1D0-48A0-BD16-5203D0B527F6}.Release|Any CPU.Build.0 = Release|Any CPU
	EndGlobalSection
	GlobalSection(SolutionProperties) = preSolution
		HideSolutionNode = FALSE
	EndGlobalSection
	GlobalSection(NestedProjects) = preSolution
		{DCB3B083-0F92-4550-9556-6C69728CA3F9} = {602216DE-2E89-492D-B499-EF490B946596}
		{86883755-83CD-402D-BD56-0690B714D0A1} = {DCB3B083-0F92-4550-9556-6C69728CA3F9}
		{E1DF4A25-A05C-4E7F-B460-68C9E8AC3CCD} = {602216DE-2E89-492D-B499-EF490B946596}
		{999F072D-C654-4A6D-8527-3AA9C0D258E2} = {E1DF4A25-A05C-4E7F-B460-68C9E8AC3CCD}
	EndGlobalSection
	GlobalSection(ExtensibilityGlobals) = postSolution
		SolutionGuid = {F3AD9080-D3BE-472D-A4C1-E11572A2B959}
	EndGlobalSection
EndGlobal
