
Microsoft Visual Studio Solution File, Format Version 12.00
# Visual Studio Version 17
VisualStudioVersion = 17.2.32630.192
MinimumVisualStudioVersion = 10.0.40219.1
Project("{9A19103F-16F7-4668-BE54-9A1E7A4F7556}") = "MAUI", "MAUI\MAUI\MAUI.csproj", "{6D5CB981-715A-4D7E-8512-F6180C55F48A}"
EndProject
Project("{9A19103F-16F7-4668-BE54-9A1E7A4F7556}") = "WebAPI", "MAUI\WebApi\WebAPI.csproj", "{ED889BFC-0B4F-424E-9355-DEEB95530FC7}"
EndProject
Project("{FAE04EC0-301F-11D3-BF4B-00C04F79EFBC}") = "BlazorWASMApp.Client", "BlazorWASMApp\Client\BlazorWASMApp.Client.csproj", "{8F9DFFB6-29C7-4B6D-9ABA-84E99AA36A01}"
EndProject
Project("{9A19103F-16F7-4668-BE54-9A1E7A4F7556}") = "WebApi.Service", "BlazorWASMApp\Shared\WebApi.Service.csproj", "{01512492-A383-4C8A-8A21-72F41C4F1D54}"
EndProject
Global
	GlobalSection(SolutionConfigurationPlatforms) = preSolution
		Debug|Any CPU = Debug|Any CPU
		EasyTest|Any CPU = EasyTest|Any CPU
		Release|Any CPU = Release|Any CPU
	EndGlobalSection
	GlobalSection(ProjectConfigurationPlatforms) = postSolution
		{6D5CB981-715A-4D7E-8512-F6180C55F48A}.Debug|Any CPU.ActiveCfg = Debug|Any CPU
		{6D5CB981-715A-4D7E-8512-F6180C55F48A}.Debug|Any CPU.Build.0 = Debug|Any CPU
		{6D5CB981-715A-4D7E-8512-F6180C55F48A}.Debug|Any CPU.Deploy.0 = Debug|Any CPU
		{6D5CB981-715A-4D7E-8512-F6180C55F48A}.EasyTest|Any CPU.ActiveCfg = Debug|Any CPU
		{6D5CB981-715A-4D7E-8512-F6180C55F48A}.EasyTest|Any CPU.Build.0 = Debug|Any CPU
		{6D5CB981-715A-4D7E-8512-F6180C55F48A}.EasyTest|Any CPU.Deploy.0 = Debug|Any CPU
		{6D5CB981-715A-4D7E-8512-F6180C55F48A}.Release|Any CPU.ActiveCfg = Release|Any CPU
		{6D5CB981-715A-4D7E-8512-F6180C55F48A}.Release|Any CPU.Build.0 = Release|Any CPU
		{6D5CB981-715A-4D7E-8512-F6180C55F48A}.Release|Any CPU.Deploy.0 = Release|Any CPU
		{ED889BFC-0B4F-424E-9355-DEEB95530FC7}.Debug|Any CPU.ActiveCfg = Debug|Any CPU
		{ED889BFC-0B4F-424E-9355-DEEB95530FC7}.Debug|Any CPU.Build.0 = Debug|Any CPU
		{ED889BFC-0B4F-424E-9355-DEEB95530FC7}.EasyTest|Any CPU.ActiveCfg = EasyTest|Any CPU
		{ED889BFC-0B4F-424E-9355-DEEB95530FC7}.EasyTest|Any CPU.Build.0 = EasyTest|Any CPU
		{ED889BFC-0B4F-424E-9355-DEEB95530FC7}.Release|Any CPU.ActiveCfg = Release|Any CPU
		{ED889BFC-0B4F-424E-9355-DEEB95530FC7}.Release|Any CPU.Build.0 = Release|Any CPU
		{8F9DFFB6-29C7-4B6D-9ABA-84E99AA36A01}.Debug|Any CPU.ActiveCfg = Debug|Any CPU
		{8F9DFFB6-29C7-4B6D-9ABA-84E99AA36A01}.Debug|Any CPU.Build.0 = Debug|Any CPU
		{8F9DFFB6-29C7-4B6D-9ABA-84E99AA36A01}.EasyTest|Any CPU.ActiveCfg = Debug|Any CPU
		{8F9DFFB6-29C7-4B6D-9ABA-84E99AA36A01}.EasyTest|Any CPU.Build.0 = Debug|Any CPU
		{8F9DFFB6-29C7-4B6D-9ABA-84E99AA36A01}.Release|Any CPU.ActiveCfg = Release|Any CPU
		{8F9DFFB6-29C7-4B6D-9ABA-84E99AA36A01}.Release|Any CPU.Build.0 = Release|Any CPU
		{01512492-A383-4C8A-8A21-72F41C4F1D54}.Debug|Any CPU.ActiveCfg = Debug|Any CPU
		{01512492-A383-4C8A-8A21-72F41C4F1D54}.Debug|Any CPU.Build.0 = Debug|Any CPU
		{01512492-A383-4C8A-8A21-72F41C4F1D54}.EasyTest|Any CPU.ActiveCfg = Debug|Any CPU
		{01512492-A383-4C8A-8A21-72F41C4F1D54}.EasyTest|Any CPU.Build.0 = Debug|Any CPU
		{01512492-A383-4C8A-8A21-72F41C4F1D54}.Release|Any CPU.ActiveCfg = Release|Any CPU
		{01512492-A383-4C8A-8A21-72F41C4F1D54}.Release|Any CPU.Build.0 = Release|Any CPU
	EndGlobalSection
	GlobalSection(SolutionProperties) = preSolution
		HideSolutionNode = FALSE
	EndGlobalSection
	GlobalSection(ExtensibilityGlobals) = postSolution
		SolutionGuid = {E7EE0A0C-8604-4485-A202-34F66443E0A5}
	EndGlobalSection
EndGlobal
