
Microsoft Visual Studio Solution File, Format Version 12.00
# Visual Studio Version 16
VisualStudioVersion = 16.0.31424.327
MinimumVisualStudioVersion = 10.0.40219.1
Project("{9A19103F-16F7-4668-BE54-9A1E7A4F7556}") = "MvcApplication.NetCore", "ASP.NetCore\MVC\MvcApplication.NetCore.csproj", "{C7A03167-3A79-49A9-8925-0A0AAB3AE14A}"
EndProject
Project("{9A19103F-16F7-4668-BE54-9A1E7A4F7556}") = "BusinessObjectsLibrary", "BusinessObjectsLibrary\BusinessObjectsLibrary.csproj", "{5475A734-D928-4B49-A6B4-DA67666721DD}"
EndProject
Project("{9A19103F-16F7-4668-BE54-9A1E7A4F7556}") = "DatabaseUpdater.EFCore", "DatabaseUpdater\DatabaseUpdater.EFCore.csproj", "{562BC122-FE96-4573-BF67-F4FF5344AD81}"
EndProject
Global
	GlobalSection(SolutionConfigurationPlatforms) = preSolution
		Debug|Any CPU = Debug|Any CPU
		Release|Any CPU = Release|Any CPU
	EndGlobalSection
	GlobalSection(ProjectConfigurationPlatforms) = postSolution
		{C7A03167-3A79-49A9-8925-0A0AAB3AE14A}.Debug|Any CPU.ActiveCfg = Debug|Any CPU
		{C7A03167-3A79-49A9-8925-0A0AAB3AE14A}.Debug|Any CPU.Build.0 = Debug|Any CPU
		{C7A03167-3A79-49A9-8925-0A0AAB3AE14A}.Release|Any CPU.ActiveCfg = Release|Any CPU
		{C7A03167-3A79-49A9-8925-0A0AAB3AE14A}.Release|Any CPU.Build.0 = Release|Any CPU
		{5475A734-D928-4B49-A6B4-DA67666721DD}.Debug|Any CPU.ActiveCfg = Debug|Any CPU
		{5475A734-D928-4B49-A6B4-DA67666721DD}.Debug|Any CPU.Build.0 = Debug|Any CPU
		{5475A734-D928-4B49-A6B4-DA67666721DD}.Release|Any CPU.ActiveCfg = Release|Any CPU
		{5475A734-D928-4B49-A6B4-DA67666721DD}.Release|Any CPU.Build.0 = Release|Any CPU
		{562BC122-FE96-4573-BF67-F4FF5344AD81}.Debug|Any CPU.ActiveCfg = Debug|Any CPU
		{562BC122-FE96-4573-BF67-F4FF5344AD81}.Debug|Any CPU.Build.0 = Debug|Any CPU
		{562BC122-FE96-4573-BF67-F4FF5344AD81}.Release|Any CPU.ActiveCfg = Release|Any CPU
		{562BC122-FE96-4573-BF67-F4FF5344AD81}.Release|Any CPU.Build.0 = Release|Any CPU
	EndGlobalSection
	GlobalSection(SolutionProperties) = preSolution
		HideSolutionNode = FALSE
	EndGlobalSection
	GlobalSection(ExtensibilityGlobals) = postSolution
		SolutionGuid = {A04D2013-36E6-47AA-A5E3-057F7BCB0498}
	EndGlobalSection
EndGlobal
