
Microsoft Visual Studio Solution File, Format Version 12.00
# Visual Studio Version 16
VisualStudioVersion = 16.0.28729.10
MinimumVisualStudioVersion = 10.0.40219.1
Project("{FAE04EC0-301F-11D3-BF4B-00C04F79EFBC}") = "XafSolution.Module", "XafSolution\XafSolution.Module\XafSolution.Module.csproj", "{5F15837D-D1E5-44DC-92F0-4F2EBE9C3F8D}"
EndProject
Project("{FAE04EC0-301F-11D3-BF4B-00C04F79EFBC}") = "XafSolution.Module.Win", "XafSolution\XafSolution.Module.Win\XafSolution.Module.Win.csproj", "{7964F87D-BC5D-4C4E-8B2F-71E89739AA97}"
EndProject
Project("{2150E333-8FDC-42A3-9474-1A3956D46DE8}") = "XAFSolution", "XAFSolution", "{B4262F0E-5C98-47BB-8952-6932E26C16BF}"
EndProject
Project("{2150E333-8FDC-42A3-9474-1A3956D46DE8}") = "Console", "Console", "{C69F7E53-A5E7-4665-BB4C-51332C06FBED}"
EndProject
Project("{2150E333-8FDC-42A3-9474-1A3956D46DE8}") = "CS", "CS", "{E12C6BCC-5244-4D10-86C1-B89B3DA0A2A2}"
EndProject
Project("{2150E333-8FDC-42A3-9474-1A3956D46DE8}") = "VB", "VB", "{C5F1305C-2C1F-4CA2-B90D-9CFCEDF0839D}"
EndProject
Project("{F184B08F-C81C-45F6-A57F-5ABD9991F28F}") = "ConsoleApplication", "Console\VB\ConsoleApplication.vbproj", "{677357E0-2425-4014-A1B3-AC3FA5BEE0D4}"
EndProject
Project("{FAE04EC0-301F-11D3-BF4B-00C04F79EFBC}") = "ConsoleApplication", "Console\CS\ConsoleApplication.csproj", "{A713C15B-D676-4B4D-AB60-1AF5DFEC9F63}"
EndProject
Project("{FAE04EC0-301F-11D3-BF4B-00C04F79EFBC}") = "XafSolution.Win", "XafSolution\XafSolution.Win\XafSolution.Win.csproj", "{D05D93DF-312D-4D4E-B980-726871EC7833}"
EndProject
Global
	GlobalSection(SolutionConfigurationPlatforms) = preSolution
		Debug|Any CPU = Debug|Any CPU
		Debug|iPhone = Debug|iPhone
		Debug|iPhoneSimulator = Debug|iPhoneSimulator
		EasyTest|Any CPU = EasyTest|Any CPU
		EasyTest|iPhone = EasyTest|iPhone
		EasyTest|iPhoneSimulator = EasyTest|iPhoneSimulator
		Release|Any CPU = Release|Any CPU
		Release|iPhone = Release|iPhone
		Release|iPhoneSimulator = Release|iPhoneSimulator
	EndGlobalSection
	GlobalSection(ProjectConfigurationPlatforms) = postSolution
		{5F15837D-D1E5-44DC-92F0-4F2EBE9C3F8D}.Debug|Any CPU.ActiveCfg = Debug|Any CPU
		{5F15837D-D1E5-44DC-92F0-4F2EBE9C3F8D}.Debug|Any CPU.Build.0 = Debug|Any CPU
		{5F15837D-D1E5-44DC-92F0-4F2EBE9C3F8D}.Debug|iPhone.ActiveCfg = Debug|Any CPU
		{5F15837D-D1E5-44DC-92F0-4F2EBE9C3F8D}.Debug|iPhone.Build.0 = Debug|Any CPU
		{5F15837D-D1E5-44DC-92F0-4F2EBE9C3F8D}.Debug|iPhoneSimulator.ActiveCfg = Debug|Any CPU
		{5F15837D-D1E5-44DC-92F0-4F2EBE9C3F8D}.Debug|iPhoneSimulator.Build.0 = Debug|Any CPU
		{5F15837D-D1E5-44DC-92F0-4F2EBE9C3F8D}.EasyTest|Any CPU.ActiveCfg = EasyTest|Any CPU
		{5F15837D-D1E5-44DC-92F0-4F2EBE9C3F8D}.EasyTest|Any CPU.Build.0 = EasyTest|Any CPU
		{5F15837D-D1E5-44DC-92F0-4F2EBE9C3F8D}.EasyTest|iPhone.ActiveCfg = EasyTest|Any CPU
		{5F15837D-D1E5-44DC-92F0-4F2EBE9C3F8D}.EasyTest|iPhone.Build.0 = EasyTest|Any CPU
		{5F15837D-D1E5-44DC-92F0-4F2EBE9C3F8D}.EasyTest|iPhoneSimulator.ActiveCfg = EasyTest|Any CPU
		{5F15837D-D1E5-44DC-92F0-4F2EBE9C3F8D}.EasyTest|iPhoneSimulator.Build.0 = EasyTest|Any CPU
		{5F15837D-D1E5-44DC-92F0-4F2EBE9C3F8D}.Release|Any CPU.ActiveCfg = Release|Any CPU
		{5F15837D-D1E5-44DC-92F0-4F2EBE9C3F8D}.Release|Any CPU.Build.0 = Release|Any CPU
		{5F15837D-D1E5-44DC-92F0-4F2EBE9C3F8D}.Release|iPhone.ActiveCfg = Release|Any CPU
		{5F15837D-D1E5-44DC-92F0-4F2EBE9C3F8D}.Release|iPhone.Build.0 = Release|Any CPU
		{5F15837D-D1E5-44DC-92F0-4F2EBE9C3F8D}.Release|iPhoneSimulator.ActiveCfg = Release|Any CPU
		{5F15837D-D1E5-44DC-92F0-4F2EBE9C3F8D}.Release|iPhoneSimulator.Build.0 = Release|Any CPU
		{7964F87D-BC5D-4C4E-8B2F-71E89739AA97}.Debug|Any CPU.ActiveCfg = Debug|Any CPU
		{7964F87D-BC5D-4C4E-8B2F-71E89739AA97}.Debug|Any CPU.Build.0 = Debug|Any CPU
		{7964F87D-BC5D-4C4E-8B2F-71E89739AA97}.Debug|iPhone.ActiveCfg = Debug|Any CPU
		{7964F87D-BC5D-4C4E-8B2F-71E89739AA97}.Debug|iPhone.Build.0 = Debug|Any CPU
		{7964F87D-BC5D-4C4E-8B2F-71E89739AA97}.Debug|iPhoneSimulator.ActiveCfg = Debug|Any CPU
		{7964F87D-BC5D-4C4E-8B2F-71E89739AA97}.Debug|iPhoneSimulator.Build.0 = Debug|Any CPU
		{7964F87D-BC5D-4C4E-8B2F-71E89739AA97}.EasyTest|Any CPU.ActiveCfg = EasyTest|Any CPU
		{7964F87D-BC5D-4C4E-8B2F-71E89739AA97}.EasyTest|Any CPU.Build.0 = EasyTest|Any CPU
		{7964F87D-BC5D-4C4E-8B2F-71E89739AA97}.EasyTest|iPhone.ActiveCfg = EasyTest|Any CPU
		{7964F87D-BC5D-4C4E-8B2F-71E89739AA97}.EasyTest|iPhone.Build.0 = EasyTest|Any CPU
		{7964F87D-BC5D-4C4E-8B2F-71E89739AA97}.EasyTest|iPhoneSimulator.ActiveCfg = EasyTest|Any CPU
		{7964F87D-BC5D-4C4E-8B2F-71E89739AA97}.EasyTest|iPhoneSimulator.Build.0 = EasyTest|Any CPU
		{7964F87D-BC5D-4C4E-8B2F-71E89739AA97}.Release|Any CPU.ActiveCfg = Release|Any CPU
		{7964F87D-BC5D-4C4E-8B2F-71E89739AA97}.Release|Any CPU.Build.0 = Release|Any CPU
		{7964F87D-BC5D-4C4E-8B2F-71E89739AA97}.Release|iPhone.ActiveCfg = Release|Any CPU
		{7964F87D-BC5D-4C4E-8B2F-71E89739AA97}.Release|iPhone.Build.0 = Release|Any CPU
		{7964F87D-BC5D-4C4E-8B2F-71E89739AA97}.Release|iPhoneSimulator.ActiveCfg = Release|Any CPU
		{7964F87D-BC5D-4C4E-8B2F-71E89739AA97}.Release|iPhoneSimulator.Build.0 = Release|Any CPU
		{677357E0-2425-4014-A1B3-AC3FA5BEE0D4}.Debug|Any CPU.ActiveCfg = Debug|Any CPU
		{677357E0-2425-4014-A1B3-AC3FA5BEE0D4}.Debug|Any CPU.Build.0 = Debug|Any CPU
		{677357E0-2425-4014-A1B3-AC3FA5BEE0D4}.Debug|iPhone.ActiveCfg = Debug|Any CPU
		{677357E0-2425-4014-A1B3-AC3FA5BEE0D4}.Debug|iPhone.Build.0 = Debug|Any CPU
		{677357E0-2425-4014-A1B3-AC3FA5BEE0D4}.Debug|iPhoneSimulator.ActiveCfg = Debug|Any CPU
		{677357E0-2425-4014-A1B3-AC3FA5BEE0D4}.Debug|iPhoneSimulator.Build.0 = Debug|Any CPU
		{677357E0-2425-4014-A1B3-AC3FA5BEE0D4}.EasyTest|Any CPU.ActiveCfg = Release|Any CPU
		{677357E0-2425-4014-A1B3-AC3FA5BEE0D4}.EasyTest|Any CPU.Build.0 = Release|Any CPU
		{677357E0-2425-4014-A1B3-AC3FA5BEE0D4}.EasyTest|iPhone.ActiveCfg = Release|Any CPU
		{677357E0-2425-4014-A1B3-AC3FA5BEE0D4}.EasyTest|iPhone.Build.0 = Release|Any CPU
		{677357E0-2425-4014-A1B3-AC3FA5BEE0D4}.EasyTest|iPhoneSimulator.ActiveCfg = Release|Any CPU
		{677357E0-2425-4014-A1B3-AC3FA5BEE0D4}.EasyTest|iPhoneSimulator.Build.0 = Release|Any CPU
		{677357E0-2425-4014-A1B3-AC3FA5BEE0D4}.Release|Any CPU.ActiveCfg = Release|Any CPU
		{677357E0-2425-4014-A1B3-AC3FA5BEE0D4}.Release|Any CPU.Build.0 = Release|Any CPU
		{677357E0-2425-4014-A1B3-AC3FA5BEE0D4}.Release|iPhone.ActiveCfg = Release|Any CPU
		{677357E0-2425-4014-A1B3-AC3FA5BEE0D4}.Release|iPhone.Build.0 = Release|Any CPU
		{677357E0-2425-4014-A1B3-AC3FA5BEE0D4}.Release|iPhoneSimulator.ActiveCfg = Release|Any CPU
		{677357E0-2425-4014-A1B3-AC3FA5BEE0D4}.Release|iPhoneSimulator.Build.0 = Release|Any CPU
		{A713C15B-D676-4B4D-AB60-1AF5DFEC9F63}.Debug|Any CPU.ActiveCfg = Debug|Any CPU
		{A713C15B-D676-4B4D-AB60-1AF5DFEC9F63}.Debug|Any CPU.Build.0 = Debug|Any CPU
		{A713C15B-D676-4B4D-AB60-1AF5DFEC9F63}.Debug|iPhone.ActiveCfg = Debug|Any CPU
		{A713C15B-D676-4B4D-AB60-1AF5DFEC9F63}.Debug|iPhone.Build.0 = Debug|Any CPU
		{A713C15B-D676-4B4D-AB60-1AF5DFEC9F63}.Debug|iPhoneSimulator.ActiveCfg = Debug|Any CPU
		{A713C15B-D676-4B4D-AB60-1AF5DFEC9F63}.Debug|iPhoneSimulator.Build.0 = Debug|Any CPU
		{A713C15B-D676-4B4D-AB60-1AF5DFEC9F63}.EasyTest|Any CPU.ActiveCfg = Release|Any CPU
		{A713C15B-D676-4B4D-AB60-1AF5DFEC9F63}.EasyTest|Any CPU.Build.0 = Release|Any CPU
		{A713C15B-D676-4B4D-AB60-1AF5DFEC9F63}.EasyTest|iPhone.ActiveCfg = Release|Any CPU
		{A713C15B-D676-4B4D-AB60-1AF5DFEC9F63}.EasyTest|iPhone.Build.0 = Release|Any CPU
		{A713C15B-D676-4B4D-AB60-1AF5DFEC9F63}.EasyTest|iPhoneSimulator.ActiveCfg = Release|Any CPU
		{A713C15B-D676-4B4D-AB60-1AF5DFEC9F63}.EasyTest|iPhoneSimulator.Build.0 = Release|Any CPU
		{A713C15B-D676-4B4D-AB60-1AF5DFEC9F63}.Release|Any CPU.ActiveCfg = Release|Any CPU
		{A713C15B-D676-4B4D-AB60-1AF5DFEC9F63}.Release|Any CPU.Build.0 = Release|Any CPU
		{A713C15B-D676-4B4D-AB60-1AF5DFEC9F63}.Release|iPhone.ActiveCfg = Release|Any CPU
		{A713C15B-D676-4B4D-AB60-1AF5DFEC9F63}.Release|iPhone.Build.0 = Release|Any CPU
		{A713C15B-D676-4B4D-AB60-1AF5DFEC9F63}.Release|iPhoneSimulator.ActiveCfg = Release|Any CPU
		{A713C15B-D676-4B4D-AB60-1AF5DFEC9F63}.Release|iPhoneSimulator.Build.0 = Release|Any CPU
		{D05D93DF-312D-4D4E-B980-726871EC7833}.Debug|Any CPU.ActiveCfg = Debug|Any CPU
		{D05D93DF-312D-4D4E-B980-726871EC7833}.Debug|Any CPU.Build.0 = Debug|Any CPU
		{D05D93DF-312D-4D4E-B980-726871EC7833}.Debug|iPhone.ActiveCfg = Debug|Any CPU
		{D05D93DF-312D-4D4E-B980-726871EC7833}.Debug|iPhone.Build.0 = Debug|Any CPU
		{D05D93DF-312D-4D4E-B980-726871EC7833}.Debug|iPhoneSimulator.ActiveCfg = Debug|Any CPU
		{D05D93DF-312D-4D4E-B980-726871EC7833}.Debug|iPhoneSimulator.Build.0 = Debug|Any CPU
		{D05D93DF-312D-4D4E-B980-726871EC7833}.EasyTest|Any CPU.ActiveCfg = Release|Any CPU
		{D05D93DF-312D-4D4E-B980-726871EC7833}.EasyTest|Any CPU.Build.0 = Release|Any CPU
		{D05D93DF-312D-4D4E-B980-726871EC7833}.EasyTest|iPhone.ActiveCfg = EasyTest|Any CPU
		{D05D93DF-312D-4D4E-B980-726871EC7833}.EasyTest|iPhone.Build.0 = EasyTest|Any CPU
		{D05D93DF-312D-4D4E-B980-726871EC7833}.EasyTest|iPhoneSimulator.ActiveCfg = EasyTest|Any CPU
		{D05D93DF-312D-4D4E-B980-726871EC7833}.EasyTest|iPhoneSimulator.Build.0 = EasyTest|Any CPU
		{D05D93DF-312D-4D4E-B980-726871EC7833}.Release|Any CPU.ActiveCfg = Release|Any CPU
		{D05D93DF-312D-4D4E-B980-726871EC7833}.Release|Any CPU.Build.0 = Release|Any CPU
		{D05D93DF-312D-4D4E-B980-726871EC7833}.Release|iPhone.ActiveCfg = Release|Any CPU
		{D05D93DF-312D-4D4E-B980-726871EC7833}.Release|iPhone.Build.0 = Release|Any CPU
		{D05D93DF-312D-4D4E-B980-726871EC7833}.Release|iPhoneSimulator.ActiveCfg = Release|Any CPU
		{D05D93DF-312D-4D4E-B980-726871EC7833}.Release|iPhoneSimulator.Build.0 = Release|Any CPU
	EndGlobalSection
	GlobalSection(SolutionProperties) = preSolution
		HideSolutionNode = FALSE
	EndGlobalSection
	GlobalSection(NestedProjects) = preSolution
		{5F15837D-D1E5-44DC-92F0-4F2EBE9C3F8D} = {B4262F0E-5C98-47BB-8952-6932E26C16BF}
		{7964F87D-BC5D-4C4E-8B2F-71E89739AA97} = {B4262F0E-5C98-47BB-8952-6932E26C16BF}
		{E12C6BCC-5244-4D10-86C1-B89B3DA0A2A2} = {C69F7E53-A5E7-4665-BB4C-51332C06FBED}
		{C5F1305C-2C1F-4CA2-B90D-9CFCEDF0839D} = {C69F7E53-A5E7-4665-BB4C-51332C06FBED}
		{677357E0-2425-4014-A1B3-AC3FA5BEE0D4} = {C5F1305C-2C1F-4CA2-B90D-9CFCEDF0839D}
		{A713C15B-D676-4B4D-AB60-1AF5DFEC9F63} = {E12C6BCC-5244-4D10-86C1-B89B3DA0A2A2}
		{D05D93DF-312D-4D4E-B980-726871EC7833} = {B4262F0E-5C98-47BB-8952-6932E26C16BF}
	EndGlobalSection
	GlobalSection(ExtensibilityGlobals) = postSolution
		SolutionGuid = {44F3B656-3124-4EB6-8356-27A913D925FB}
	EndGlobalSection
EndGlobal
