
Microsoft Visual Studio Solution File, Format Version 12.00
# Visual Studio Version 16
VisualStudioVersion = 16.0.28729.10
MinimumVisualStudioVersion = 10.0.40219.1
Project("{FAE04EC0-301F-11D3-BF4B-00C04F79EFBC}") = "XafSolution.Module", "XafSolution\XafSolution.Module\XafSolution.Module.csproj", "{5F15837D-D1E5-44DC-92F0-4F2EBE9C3F8D}"
EndProject
Project("{FAE04EC0-301F-11D3-BF4B-00C04F79EFBC}") = "XafSolution.Module.Win", "XafSolution\XafSolution.Module.Win\XafSolution.Module.Win.csproj", "{7964F87D-BC5D-4C4E-8B2F-71E89739AA97}"
EndProject
Project("{2150E333-8FDC-42A3-9474-1A3956D46DE8}") = "XAFSolution", "XAFSolution", "{B4262F0E-5C98-47BB-8952-6932E26C16BF}"
EndProject
Project("{2150E333-8FDC-42A3-9474-1A3956D46DE8}") = "Console", "Console", "{C69F7E53-A5E7-4665-BB4C-51332C06FBED}"
EndProject
Project("{2150E333-8FDC-42A3-9474-1A3956D46DE8}") = "CS", "CS", "{E12C6BCC-5244-4D10-86C1-B89B3DA0A2A2}"
EndProject
Project("{2150E333-8FDC-42A3-9474-1A3956D46DE8}") = "VB", "VB", "{C5F1305C-2C1F-4CA2-B90D-9CFCEDF0839D}"
EndProject
Project("{F184B08F-C81C-45F6-A57F-5ABD9991F28F}") = "NonXAFSecurityConsoleApp", "Console\VB\NonXAFSecurityConsoleApp.vbproj", "{677357E0-2425-4014-A1B3-AC3FA5BEE0D4}"
EndProject
Project("{FAE04EC0-301F-11D3-BF4B-00C04F79EFBC}") = "NonXAFSecurityConsoleApp", "Console\CS\NonXAFSecurityConsoleApp.csproj", "{A713C15B-D676-4B4D-AB60-1AF5DFEC9F63}"
EndProject
Project("{FAE04EC0-301F-11D3-BF4B-00C04F79EFBC}") = "XafSolution.Win", "XafSolution\XafSolution.Win\XafSolution.Win.csproj", "{D05D93DF-312D-4D4E-B980-726871EC7833}"
EndProject
Project("{2150E333-8FDC-42A3-9474-1A3956D46DE8}") = "ASP.NET", "ASP.NET", "{4FE91A09-A0D0-4944-9C57-E215CC629CEC}"
EndProject
Project("{2150E333-8FDC-42A3-9474-1A3956D46DE8}") = "Blazor.ServerSide", "Blazor.ServerSide", "{FB0A7475-FF1B-491E-9D88-9FC7AB7680D5}"
EndProject
Project("{2150E333-8FDC-42A3-9474-1A3956D46DE8}") = "WinForms", "WinForms", "{BC4A8E32-3FA6-4006-BA78-5108742E368D}"
EndProject
Project("{2150E333-8FDC-42A3-9474-1A3956D46DE8}") = "CS", "CS", "{44B9207C-2EA8-4B5D-A001-1F739001F1CC}"
EndProject
Project("{FAE04EC0-301F-11D3-BF4B-00C04F79EFBC}") = "WindowsFormsApplication", "WinForms\CS\WindowsFormsApplication.csproj", "{3736F01D-0C58-43CA-8877-87A353C7040E}"
EndProject
Project("{9A19103F-16F7-4668-BE54-9A1E7A4F7556}") = "NonXAFSecurityBlazorServerSide", "ASP.Net\Blazor.ServerSide\NonXAFSecurityBlazorServerSide.csproj", "{87BC9F6E-DFD3-4494-A04E-10BFD1BFE3A6}"
EndProject
Global
	GlobalSection(SolutionConfigurationPlatforms) = preSolution
		Debug|Any CPU = Debug|Any CPU
		EasyTest|Any CPU = EasyTest|Any CPU
		Release|Any CPU = Release|Any CPU
	EndGlobalSection
	GlobalSection(ProjectConfigurationPlatforms) = postSolution
		{5F15837D-D1E5-44DC-92F0-4F2EBE9C3F8D}.Debug|Any CPU.ActiveCfg = Debug|Any CPU
		{5F15837D-D1E5-44DC-92F0-4F2EBE9C3F8D}.Debug|Any CPU.Build.0 = Debug|Any CPU
		{5F15837D-D1E5-44DC-92F0-4F2EBE9C3F8D}.EasyTest|Any CPU.ActiveCfg = EasyTest|Any CPU
		{5F15837D-D1E5-44DC-92F0-4F2EBE9C3F8D}.EasyTest|Any CPU.Build.0 = EasyTest|Any CPU
		{5F15837D-D1E5-44DC-92F0-4F2EBE9C3F8D}.Release|Any CPU.ActiveCfg = Release|Any CPU
		{5F15837D-D1E5-44DC-92F0-4F2EBE9C3F8D}.Release|Any CPU.Build.0 = Release|Any CPU
		{7964F87D-BC5D-4C4E-8B2F-71E89739AA97}.Debug|Any CPU.ActiveCfg = Debug|Any CPU
		{7964F87D-BC5D-4C4E-8B2F-71E89739AA97}.Debug|Any CPU.Build.0 = Debug|Any CPU
		{7964F87D-BC5D-4C4E-8B2F-71E89739AA97}.EasyTest|Any CPU.ActiveCfg = EasyTest|Any CPU
		{7964F87D-BC5D-4C4E-8B2F-71E89739AA97}.EasyTest|Any CPU.Build.0 = EasyTest|Any CPU
		{7964F87D-BC5D-4C4E-8B2F-71E89739AA97}.Release|Any CPU.ActiveCfg = Release|Any CPU
		{7964F87D-BC5D-4C4E-8B2F-71E89739AA97}.Release|Any CPU.Build.0 = Release|Any CPU
		{677357E0-2425-4014-A1B3-AC3FA5BEE0D4}.Debug|Any CPU.ActiveCfg = Debug|Any CPU
		{677357E0-2425-4014-A1B3-AC3FA5BEE0D4}.Debug|Any CPU.Build.0 = Debug|Any CPU
		{677357E0-2425-4014-A1B3-AC3FA5BEE0D4}.EasyTest|Any CPU.ActiveCfg = Release|Any CPU
		{677357E0-2425-4014-A1B3-AC3FA5BEE0D4}.EasyTest|Any CPU.Build.0 = Release|Any CPU
		{677357E0-2425-4014-A1B3-AC3FA5BEE0D4}.Release|Any CPU.ActiveCfg = Release|Any CPU
		{677357E0-2425-4014-A1B3-AC3FA5BEE0D4}.Release|Any CPU.Build.0 = Release|Any CPU
		{A713C15B-D676-4B4D-AB60-1AF5DFEC9F63}.Debug|Any CPU.ActiveCfg = Debug|Any CPU
		{A713C15B-D676-4B4D-AB60-1AF5DFEC9F63}.Debug|Any CPU.Build.0 = Debug|Any CPU
		{A713C15B-D676-4B4D-AB60-1AF5DFEC9F63}.EasyTest|Any CPU.ActiveCfg = Release|Any CPU
		{A713C15B-D676-4B4D-AB60-1AF5DFEC9F63}.EasyTest|Any CPU.Build.0 = Release|Any CPU
		{A713C15B-D676-4B4D-AB60-1AF5DFEC9F63}.Release|Any CPU.ActiveCfg = Release|Any CPU
		{A713C15B-D676-4B4D-AB60-1AF5DFEC9F63}.Release|Any CPU.Build.0 = Release|Any CPU
		{D05D93DF-312D-4D4E-B980-726871EC7833}.Debug|Any CPU.ActiveCfg = Debug|Any CPU
		{D05D93DF-312D-4D4E-B980-726871EC7833}.Debug|Any CPU.Build.0 = Debug|Any CPU
		{D05D93DF-312D-4D4E-B980-726871EC7833}.EasyTest|Any CPU.ActiveCfg = Release|Any CPU
		{D05D93DF-312D-4D4E-B980-726871EC7833}.EasyTest|Any CPU.Build.0 = Release|Any CPU
		{D05D93DF-312D-4D4E-B980-726871EC7833}.Release|Any CPU.ActiveCfg = Release|Any CPU
		{D05D93DF-312D-4D4E-B980-726871EC7833}.Release|Any CPU.Build.0 = Release|Any CPU
		{3736F01D-0C58-43CA-8877-87A353C7040E}.Debug|Any CPU.ActiveCfg = Debug|Any CPU
		{3736F01D-0C58-43CA-8877-87A353C7040E}.Debug|Any CPU.Build.0 = Debug|Any CPU
		{3736F01D-0C58-43CA-8877-87A353C7040E}.EasyTest|Any CPU.ActiveCfg = Release|Any CPU
		{3736F01D-0C58-43CA-8877-87A353C7040E}.EasyTest|Any CPU.Build.0 = Release|Any CPU
		{3736F01D-0C58-43CA-8877-87A353C7040E}.Release|Any CPU.ActiveCfg = Release|Any CPU
		{3736F01D-0C58-43CA-8877-87A353C7040E}.Release|Any CPU.Build.0 = Release|Any CPU
		{87BC9F6E-DFD3-4494-A04E-10BFD1BFE3A6}.Debug|Any CPU.ActiveCfg = Debug|Any CPU
		{87BC9F6E-DFD3-4494-A04E-10BFD1BFE3A6}.Debug|Any CPU.Build.0 = Debug|Any CPU
		{87BC9F6E-DFD3-4494-A04E-10BFD1BFE3A6}.EasyTest|Any CPU.ActiveCfg = Debug|Any CPU
		{87BC9F6E-DFD3-4494-A04E-10BFD1BFE3A6}.EasyTest|Any CPU.Build.0 = Debug|Any CPU
		{87BC9F6E-DFD3-4494-A04E-10BFD1BFE3A6}.Release|Any CPU.ActiveCfg = Release|Any CPU
		{87BC9F6E-DFD3-4494-A04E-10BFD1BFE3A6}.Release|Any CPU.Build.0 = Release|Any CPU
	EndGlobalSection
	GlobalSection(SolutionProperties) = preSolution
		HideSolutionNode = FALSE
	EndGlobalSection
	GlobalSection(NestedProjects) = preSolution
		{5F15837D-D1E5-44DC-92F0-4F2EBE9C3F8D} = {B4262F0E-5C98-47BB-8952-6932E26C16BF}
		{7964F87D-BC5D-4C4E-8B2F-71E89739AA97} = {B4262F0E-5C98-47BB-8952-6932E26C16BF}
		{E12C6BCC-5244-4D10-86C1-B89B3DA0A2A2} = {C69F7E53-A5E7-4665-BB4C-51332C06FBED}
		{C5F1305C-2C1F-4CA2-B90D-9CFCEDF0839D} = {C69F7E53-A5E7-4665-BB4C-51332C06FBED}
		{677357E0-2425-4014-A1B3-AC3FA5BEE0D4} = {C5F1305C-2C1F-4CA2-B90D-9CFCEDF0839D}
		{A713C15B-D676-4B4D-AB60-1AF5DFEC9F63} = {E12C6BCC-5244-4D10-86C1-B89B3DA0A2A2}
		{D05D93DF-312D-4D4E-B980-726871EC7833} = {B4262F0E-5C98-47BB-8952-6932E26C16BF}
		{FB0A7475-FF1B-491E-9D88-9FC7AB7680D5} = {4FE91A09-A0D0-4944-9C57-E215CC629CEC}
		{44B9207C-2EA8-4B5D-A001-1F739001F1CC} = {BC4A8E32-3FA6-4006-BA78-5108742E368D}
		{3736F01D-0C58-43CA-8877-87A353C7040E} = {44B9207C-2EA8-4B5D-A001-1F739001F1CC}
		{87BC9F6E-DFD3-4494-A04E-10BFD1BFE3A6} = {FB0A7475-FF1B-491E-9D88-9FC7AB7680D5}
	EndGlobalSection
	GlobalSection(ExtensibilityGlobals) = postSolution
		SolutionGuid = {44F3B656-3124-4EB6-8356-27A913D925FB}
	EndGlobalSection
EndGlobal
