
Microsoft Visual Studio Solution File, Format Version 12.00
# Visual Studio Version 16
VisualStudioVersion = 16.0.28729.10
MinimumVisualStudioVersion = 10.0.40219.1
Project("{FAE04EC0-301F-11D3-BF4B-00C04F79EFBC}") = "XafSolution.Module", "XafSolution\XafSolution.Module\XafSolution.Module.csproj", "{5F15837D-D1E5-44DC-92F0-4F2EBE9C3F8D}"
EndProject
Project("{FAE04EC0-301F-11D3-BF4B-00C04F79EFBC}") = "XafSolution.Module.Win", "XafSolution\XafSolution.Module.Win\XafSolution.Module.Win.csproj", "{7964F87D-BC5D-4C4E-8B2F-71E89739AA97}"
EndProject
Project("{2150E333-8FDC-42A3-9474-1A3956D46DE8}") = "XAFSolution", "XAFSolution", "{B4262F0E-5C98-47BB-8952-6932E26C16BF}"
EndProject
Project("{2150E333-8FDC-42A3-9474-1A3956D46DE8}") = "Console", "Console", "{C69F7E53-A5E7-4665-BB4C-51332C06FBED}"
EndProject
Project("{2150E333-8FDC-42A3-9474-1A3956D46DE8}") = "CS", "CS", "{E12C6BCC-5244-4D10-86C1-B89B3DA0A2A2}"
EndProject
Project("{2150E333-8FDC-42A3-9474-1A3956D46DE8}") = "VB", "VB", "{C5F1305C-2C1F-4CA2-B90D-9CFCEDF0839D}"
EndProject
Project("{F184B08F-C81C-45F6-A57F-5ABD9991F28F}") = "ConsoleApplication", "Console\VB\ConsoleApplication.vbproj", "{677357E0-2425-4014-A1B3-AC3FA5BEE0D4}"
EndProject
Project("{FAE04EC0-301F-11D3-BF4B-00C04F79EFBC}") = "ConsoleApplication", "Console\CS\ConsoleApplication.csproj", "{A713C15B-D676-4B4D-AB60-1AF5DFEC9F63}"
EndProject
Project("{FAE04EC0-301F-11D3-BF4B-00C04F79EFBC}") = "XafSolution.Win", "XafSolution\XafSolution.Win\XafSolution.Win.csproj", "{D05D93DF-312D-4D4E-B980-726871EC7833}"
EndProject
Project("{2150E333-8FDC-42A3-9474-1A3956D46DE8}") = "ASP.NET", "ASP.NET", "{4FE91A09-A0D0-4944-9C57-E215CC629CEC}"
EndProject
Project("{2150E333-8FDC-42A3-9474-1A3956D46DE8}") = "Blazor.ServerSide", "Blazor.ServerSide", "{FB0A7475-FF1B-491E-9D88-9FC7AB7680D5}"
EndProject
Project("{2150E333-8FDC-42A3-9474-1A3956D46DE8}") = "WinForms", "WinForms", "{BC4A8E32-3FA6-4006-BA78-5108742E368D}"
EndProject
Project("{2150E333-8FDC-42A3-9474-1A3956D46DE8}") = "CS", "CS", "{44B9207C-2EA8-4B5D-A001-1F739001F1CC}"
EndProject
Project("{FAE04EC0-301F-11D3-BF4B-00C04F79EFBC}") = "WindowsFormsApplication", "WinForms\CS\WindowsFormsApplication.csproj", "{3736F01D-0C58-43CA-8877-87A353C7040E}"
EndProject
Project("{9A19103F-16F7-4668-BE54-9A1E7A4F7556}") = "BlazorServerSide", "ASP.Net\Blazor.ServerSide\BlazorServerSide.csproj", "{87BC9F6E-DFD3-4494-A04E-10BFD1BFE3A6}"
EndProject
Project("{2150E333-8FDC-42A3-9474-1A3956D46DE8}") = "WPF", "WPF", "{15D9BC6A-DF3D-44FF-8974-84889E5683A9}"
EndProject
Project("{2150E333-8FDC-42A3-9474-1A3956D46DE8}") = "Classic", "Classic", "{91F35BEF-FC5A-4917-8F58-177A298EE86D}"
EndProject
Project("{2150E333-8FDC-42A3-9474-1A3956D46DE8}") = "CS", "CS", "{A2888B16-E614-4075-BBAA-B783317D8FEC}"
EndProject
Project("{FAE04EC0-301F-11D3-BF4B-00C04F79EFBC}") = "WpfApplication", "WPF\Classic\CS\WpfApplication\WpfApplication.csproj", "{5D81CBAF-F0A2-4FB1-8E61-C65A008830AC}"
EndProject
Project("{2150E333-8FDC-42A3-9474-1A3956D46DE8}") = "ODATA", "ODATA", "{1CF22A65-0506-46CC-8A94-71EAC11F4042}"
EndProject
Project("{FAE04EC0-301F-11D3-BF4B-00C04F79EFBC}") = "ODataService", "ASP.Net\OData4\ODataService\ODataService.csproj", "{C8BFE153-93E8-4AB4-AE5B-76A9A7A3A3CA}"
EndProject
Project("{2150E333-8FDC-42A3-9474-1A3956D46DE8}") = "Xamarin.Forms", "Xamarin.Forms", "{6C434AD6-94AD-4E2D-9B55-E65CB5CC185D}"
EndProject
Project("{2150E333-8FDC-42A3-9474-1A3956D46DE8}") = "Android", "Android", "{2950C3A0-B306-4D07-BBF0-45D9BB263276}"
EndProject
Project("{2150E333-8FDC-42A3-9474-1A3956D46DE8}") = "CS", "CS", "{026DFA94-3C01-4F22-B3A1-62E3B0FF24F4}"
EndProject
Project("{FAE04EC0-301F-11D3-BF4B-00C04F79EFBC}") = "AndroidApplication.Android", "Xamarin.Forms\Android\CS\AndroidApplication\AndroidApplication.Android\AndroidApplication.Android.csproj", "{816DC170-DFB1-4ABD-AC60-FA7FBB89B554}"
EndProject
Project("{FAE04EC0-301F-11D3-BF4B-00C04F79EFBC}") = "AndroidApplication.iOS", "Xamarin.Forms\Android\CS\AndroidApplication\AndroidApplication.iOS\AndroidApplication.iOS.csproj", "{004BC053-22BE-41B0-9DF7-97F446DEFFD9}"
EndProject
Project("{9A19103F-16F7-4668-BE54-9A1E7A4F7556}") = "AndroidApplication", "Xamarin.Forms\Android\CS\AndroidApplication\AndroidApplication\AndroidApplication.csproj", "{B38505B4-E4CF-4F29-A89A-E25D0DF6D189}"
EndProject
Project("{2150E333-8FDC-42A3-9474-1A3956D46DE8}") = "MVC.RazorPages", "MVC.RazorPages", "{28EDE5FF-97C6-403D-B5A7-5245E54ED8AB}"
EndProject
Project("{2150E333-8FDC-42A3-9474-1A3956D46DE8}") = "CS", "CS", "{0A6EB3BC-D2A7-460E-A05D-1C70AB974941}"
EndProject
Project("{9A19103F-16F7-4668-BE54-9A1E7A4F7556}") = "RazorApplication", "ASP.Net\MVC.RazorPages\CS\RazorApplication\RazorApplication.csproj", "{301A899D-164B-4287-9D1C-A97BBBB64420}"
EndProject
Global
	GlobalSection(SolutionConfigurationPlatforms) = preSolution
		Debug|Any CPU = Debug|Any CPU
		Debug|iPhone = Debug|iPhone
		Debug|iPhoneSimulator = Debug|iPhoneSimulator
		EasyTest|Any CPU = EasyTest|Any CPU
		EasyTest|iPhone = EasyTest|iPhone
		EasyTest|iPhoneSimulator = EasyTest|iPhoneSimulator
		Release|Any CPU = Release|Any CPU
		Release|iPhone = Release|iPhone
		Release|iPhoneSimulator = Release|iPhoneSimulator
	EndGlobalSection
	GlobalSection(ProjectConfigurationPlatforms) = postSolution
		{5F15837D-D1E5-44DC-92F0-4F2EBE9C3F8D}.Debug|Any CPU.ActiveCfg = Debug|Any CPU
		{5F15837D-D1E5-44DC-92F0-4F2EBE9C3F8D}.Debug|Any CPU.Build.0 = Debug|Any CPU
		{5F15837D-D1E5-44DC-92F0-4F2EBE9C3F8D}.Debug|iPhone.ActiveCfg = Debug|Any CPU
		{5F15837D-D1E5-44DC-92F0-4F2EBE9C3F8D}.Debug|iPhone.Build.0 = Debug|Any CPU
		{5F15837D-D1E5-44DC-92F0-4F2EBE9C3F8D}.Debug|iPhoneSimulator.ActiveCfg = Debug|Any CPU
		{5F15837D-D1E5-44DC-92F0-4F2EBE9C3F8D}.Debug|iPhoneSimulator.Build.0 = Debug|Any CPU
		{5F15837D-D1E5-44DC-92F0-4F2EBE9C3F8D}.EasyTest|Any CPU.ActiveCfg = EasyTest|Any CPU
		{5F15837D-D1E5-44DC-92F0-4F2EBE9C3F8D}.EasyTest|Any CPU.Build.0 = EasyTest|Any CPU
		{5F15837D-D1E5-44DC-92F0-4F2EBE9C3F8D}.EasyTest|iPhone.ActiveCfg = EasyTest|Any CPU
		{5F15837D-D1E5-44DC-92F0-4F2EBE9C3F8D}.EasyTest|iPhone.Build.0 = EasyTest|Any CPU
		{5F15837D-D1E5-44DC-92F0-4F2EBE9C3F8D}.EasyTest|iPhoneSimulator.ActiveCfg = EasyTest|Any CPU
		{5F15837D-D1E5-44DC-92F0-4F2EBE9C3F8D}.EasyTest|iPhoneSimulator.Build.0 = EasyTest|Any CPU
		{5F15837D-D1E5-44DC-92F0-4F2EBE9C3F8D}.Release|Any CPU.ActiveCfg = Release|Any CPU
		{5F15837D-D1E5-44DC-92F0-4F2EBE9C3F8D}.Release|Any CPU.Build.0 = Release|Any CPU
		{5F15837D-D1E5-44DC-92F0-4F2EBE9C3F8D}.Release|iPhone.ActiveCfg = Release|Any CPU
		{5F15837D-D1E5-44DC-92F0-4F2EBE9C3F8D}.Release|iPhone.Build.0 = Release|Any CPU
		{5F15837D-D1E5-44DC-92F0-4F2EBE9C3F8D}.Release|iPhoneSimulator.ActiveCfg = Release|Any CPU
		{5F15837D-D1E5-44DC-92F0-4F2EBE9C3F8D}.Release|iPhoneSimulator.Build.0 = Release|Any CPU
		{7964F87D-BC5D-4C4E-8B2F-71E89739AA97}.Debug|Any CPU.ActiveCfg = Debug|Any CPU
		{7964F87D-BC5D-4C4E-8B2F-71E89739AA97}.Debug|Any CPU.Build.0 = Debug|Any CPU
		{7964F87D-BC5D-4C4E-8B2F-71E89739AA97}.Debug|iPhone.ActiveCfg = Debug|Any CPU
		{7964F87D-BC5D-4C4E-8B2F-71E89739AA97}.Debug|iPhone.Build.0 = Debug|Any CPU
		{7964F87D-BC5D-4C4E-8B2F-71E89739AA97}.Debug|iPhoneSimulator.ActiveCfg = Debug|Any CPU
		{7964F87D-BC5D-4C4E-8B2F-71E89739AA97}.Debug|iPhoneSimulator.Build.0 = Debug|Any CPU
		{7964F87D-BC5D-4C4E-8B2F-71E89739AA97}.EasyTest|Any CPU.ActiveCfg = EasyTest|Any CPU
		{7964F87D-BC5D-4C4E-8B2F-71E89739AA97}.EasyTest|Any CPU.Build.0 = EasyTest|Any CPU
		{7964F87D-BC5D-4C4E-8B2F-71E89739AA97}.EasyTest|iPhone.ActiveCfg = EasyTest|Any CPU
		{7964F87D-BC5D-4C4E-8B2F-71E89739AA97}.EasyTest|iPhone.Build.0 = EasyTest|Any CPU
		{7964F87D-BC5D-4C4E-8B2F-71E89739AA97}.EasyTest|iPhoneSimulator.ActiveCfg = EasyTest|Any CPU
		{7964F87D-BC5D-4C4E-8B2F-71E89739AA97}.EasyTest|iPhoneSimulator.Build.0 = EasyTest|Any CPU
		{7964F87D-BC5D-4C4E-8B2F-71E89739AA97}.Release|Any CPU.ActiveCfg = Release|Any CPU
		{7964F87D-BC5D-4C4E-8B2F-71E89739AA97}.Release|Any CPU.Build.0 = Release|Any CPU
		{7964F87D-BC5D-4C4E-8B2F-71E89739AA97}.Release|iPhone.ActiveCfg = Release|Any CPU
		{7964F87D-BC5D-4C4E-8B2F-71E89739AA97}.Release|iPhone.Build.0 = Release|Any CPU
		{7964F87D-BC5D-4C4E-8B2F-71E89739AA97}.Release|iPhoneSimulator.ActiveCfg = Release|Any CPU
		{7964F87D-BC5D-4C4E-8B2F-71E89739AA97}.Release|iPhoneSimulator.Build.0 = Release|Any CPU
		{677357E0-2425-4014-A1B3-AC3FA5BEE0D4}.Debug|Any CPU.ActiveCfg = Debug|Any CPU
		{677357E0-2425-4014-A1B3-AC3FA5BEE0D4}.Debug|Any CPU.Build.0 = Debug|Any CPU
		{677357E0-2425-4014-A1B3-AC3FA5BEE0D4}.Debug|iPhone.ActiveCfg = Debug|Any CPU
		{677357E0-2425-4014-A1B3-AC3FA5BEE0D4}.Debug|iPhone.Build.0 = Debug|Any CPU
		{677357E0-2425-4014-A1B3-AC3FA5BEE0D4}.Debug|iPhoneSimulator.ActiveCfg = Debug|Any CPU
		{677357E0-2425-4014-A1B3-AC3FA5BEE0D4}.Debug|iPhoneSimulator.Build.0 = Debug|Any CPU
		{677357E0-2425-4014-A1B3-AC3FA5BEE0D4}.EasyTest|Any CPU.ActiveCfg = Release|Any CPU
		{677357E0-2425-4014-A1B3-AC3FA5BEE0D4}.EasyTest|Any CPU.Build.0 = Release|Any CPU
		{677357E0-2425-4014-A1B3-AC3FA5BEE0D4}.EasyTest|iPhone.ActiveCfg = Release|Any CPU
		{677357E0-2425-4014-A1B3-AC3FA5BEE0D4}.EasyTest|iPhone.Build.0 = Release|Any CPU
		{677357E0-2425-4014-A1B3-AC3FA5BEE0D4}.EasyTest|iPhoneSimulator.ActiveCfg = Release|Any CPU
		{677357E0-2425-4014-A1B3-AC3FA5BEE0D4}.EasyTest|iPhoneSimulator.Build.0 = Release|Any CPU
		{677357E0-2425-4014-A1B3-AC3FA5BEE0D4}.Release|Any CPU.ActiveCfg = Release|Any CPU
		{677357E0-2425-4014-A1B3-AC3FA5BEE0D4}.Release|Any CPU.Build.0 = Release|Any CPU
		{677357E0-2425-4014-A1B3-AC3FA5BEE0D4}.Release|iPhone.ActiveCfg = Release|Any CPU
		{677357E0-2425-4014-A1B3-AC3FA5BEE0D4}.Release|iPhone.Build.0 = Release|Any CPU
		{677357E0-2425-4014-A1B3-AC3FA5BEE0D4}.Release|iPhoneSimulator.ActiveCfg = Release|Any CPU
		{677357E0-2425-4014-A1B3-AC3FA5BEE0D4}.Release|iPhoneSimulator.Build.0 = Release|Any CPU
		{A713C15B-D676-4B4D-AB60-1AF5DFEC9F63}.Debug|Any CPU.ActiveCfg = Debug|Any CPU
		{A713C15B-D676-4B4D-AB60-1AF5DFEC9F63}.Debug|Any CPU.Build.0 = Debug|Any CPU
		{A713C15B-D676-4B4D-AB60-1AF5DFEC9F63}.Debug|iPhone.ActiveCfg = Debug|Any CPU
		{A713C15B-D676-4B4D-AB60-1AF5DFEC9F63}.Debug|iPhone.Build.0 = Debug|Any CPU
		{A713C15B-D676-4B4D-AB60-1AF5DFEC9F63}.Debug|iPhoneSimulator.ActiveCfg = Debug|Any CPU
		{A713C15B-D676-4B4D-AB60-1AF5DFEC9F63}.Debug|iPhoneSimulator.Build.0 = Debug|Any CPU
		{A713C15B-D676-4B4D-AB60-1AF5DFEC9F63}.EasyTest|Any CPU.ActiveCfg = Release|Any CPU
		{A713C15B-D676-4B4D-AB60-1AF5DFEC9F63}.EasyTest|Any CPU.Build.0 = Release|Any CPU
		{A713C15B-D676-4B4D-AB60-1AF5DFEC9F63}.EasyTest|iPhone.ActiveCfg = Release|Any CPU
		{A713C15B-D676-4B4D-AB60-1AF5DFEC9F63}.EasyTest|iPhone.Build.0 = Release|Any CPU
		{A713C15B-D676-4B4D-AB60-1AF5DFEC9F63}.EasyTest|iPhoneSimulator.ActiveCfg = Release|Any CPU
		{A713C15B-D676-4B4D-AB60-1AF5DFEC9F63}.EasyTest|iPhoneSimulator.Build.0 = Release|Any CPU
		{A713C15B-D676-4B4D-AB60-1AF5DFEC9F63}.Release|Any CPU.ActiveCfg = Release|Any CPU
		{A713C15B-D676-4B4D-AB60-1AF5DFEC9F63}.Release|Any CPU.Build.0 = Release|Any CPU
		{A713C15B-D676-4B4D-AB60-1AF5DFEC9F63}.Release|iPhone.ActiveCfg = Release|Any CPU
		{A713C15B-D676-4B4D-AB60-1AF5DFEC9F63}.Release|iPhone.Build.0 = Release|Any CPU
		{A713C15B-D676-4B4D-AB60-1AF5DFEC9F63}.Release|iPhoneSimulator.ActiveCfg = Release|Any CPU
		{A713C15B-D676-4B4D-AB60-1AF5DFEC9F63}.Release|iPhoneSimulator.Build.0 = Release|Any CPU
		{D05D93DF-312D-4D4E-B980-726871EC7833}.Debug|Any CPU.ActiveCfg = Debug|Any CPU
		{D05D93DF-312D-4D4E-B980-726871EC7833}.Debug|Any CPU.Build.0 = Debug|Any CPU
		{D05D93DF-312D-4D4E-B980-726871EC7833}.Debug|iPhone.ActiveCfg = Debug|Any CPU
		{D05D93DF-312D-4D4E-B980-726871EC7833}.Debug|iPhone.Build.0 = Debug|Any CPU
		{D05D93DF-312D-4D4E-B980-726871EC7833}.Debug|iPhoneSimulator.ActiveCfg = Debug|Any CPU
		{D05D93DF-312D-4D4E-B980-726871EC7833}.Debug|iPhoneSimulator.Build.0 = Debug|Any CPU
		{D05D93DF-312D-4D4E-B980-726871EC7833}.EasyTest|Any CPU.ActiveCfg = Release|Any CPU
		{D05D93DF-312D-4D4E-B980-726871EC7833}.EasyTest|Any CPU.Build.0 = Release|Any CPU
		{D05D93DF-312D-4D4E-B980-726871EC7833}.EasyTest|iPhone.ActiveCfg = EasyTest|Any CPU
		{D05D93DF-312D-4D4E-B980-726871EC7833}.EasyTest|iPhone.Build.0 = EasyTest|Any CPU
		{D05D93DF-312D-4D4E-B980-726871EC7833}.EasyTest|iPhoneSimulator.ActiveCfg = EasyTest|Any CPU
		{D05D93DF-312D-4D4E-B980-726871EC7833}.EasyTest|iPhoneSimulator.Build.0 = EasyTest|Any CPU
		{D05D93DF-312D-4D4E-B980-726871EC7833}.Release|Any CPU.ActiveCfg = Release|Any CPU
		{D05D93DF-312D-4D4E-B980-726871EC7833}.Release|Any CPU.Build.0 = Release|Any CPU
		{D05D93DF-312D-4D4E-B980-726871EC7833}.Release|iPhone.ActiveCfg = Release|Any CPU
		{D05D93DF-312D-4D4E-B980-726871EC7833}.Release|iPhone.Build.0 = Release|Any CPU
		{D05D93DF-312D-4D4E-B980-726871EC7833}.Release|iPhoneSimulator.ActiveCfg = Release|Any CPU
		{D05D93DF-312D-4D4E-B980-726871EC7833}.Release|iPhoneSimulator.Build.0 = Release|Any CPU
		{3736F01D-0C58-43CA-8877-87A353C7040E}.Debug|Any CPU.ActiveCfg = Debug|Any CPU
		{3736F01D-0C58-43CA-8877-87A353C7040E}.Debug|Any CPU.Build.0 = Debug|Any CPU
		{3736F01D-0C58-43CA-8877-87A353C7040E}.Debug|iPhone.ActiveCfg = Debug|Any CPU
		{3736F01D-0C58-43CA-8877-87A353C7040E}.Debug|iPhone.Build.0 = Debug|Any CPU
		{3736F01D-0C58-43CA-8877-87A353C7040E}.Debug|iPhoneSimulator.ActiveCfg = Debug|Any CPU
		{3736F01D-0C58-43CA-8877-87A353C7040E}.Debug|iPhoneSimulator.Build.0 = Debug|Any CPU
		{3736F01D-0C58-43CA-8877-87A353C7040E}.EasyTest|Any CPU.ActiveCfg = Release|Any CPU
		{3736F01D-0C58-43CA-8877-87A353C7040E}.EasyTest|Any CPU.Build.0 = Release|Any CPU
		{3736F01D-0C58-43CA-8877-87A353C7040E}.EasyTest|iPhone.ActiveCfg = Release|Any CPU
		{3736F01D-0C58-43CA-8877-87A353C7040E}.EasyTest|iPhone.Build.0 = Release|Any CPU
		{3736F01D-0C58-43CA-8877-87A353C7040E}.EasyTest|iPhoneSimulator.ActiveCfg = Release|Any CPU
		{3736F01D-0C58-43CA-8877-87A353C7040E}.EasyTest|iPhoneSimulator.Build.0 = Release|Any CPU
		{3736F01D-0C58-43CA-8877-87A353C7040E}.Release|Any CPU.ActiveCfg = Release|Any CPU
		{3736F01D-0C58-43CA-8877-87A353C7040E}.Release|Any CPU.Build.0 = Release|Any CPU
		{3736F01D-0C58-43CA-8877-87A353C7040E}.Release|iPhone.ActiveCfg = Release|Any CPU
		{3736F01D-0C58-43CA-8877-87A353C7040E}.Release|iPhone.Build.0 = Release|Any CPU
		{3736F01D-0C58-43CA-8877-87A353C7040E}.Release|iPhoneSimulator.ActiveCfg = Release|Any CPU
		{3736F01D-0C58-43CA-8877-87A353C7040E}.Release|iPhoneSimulator.Build.0 = Release|Any CPU
		{87BC9F6E-DFD3-4494-A04E-10BFD1BFE3A6}.Debug|Any CPU.ActiveCfg = Debug|Any CPU
		{87BC9F6E-DFD3-4494-A04E-10BFD1BFE3A6}.Debug|Any CPU.Build.0 = Debug|Any CPU
		{87BC9F6E-DFD3-4494-A04E-10BFD1BFE3A6}.Debug|iPhone.ActiveCfg = Debug|Any CPU
		{87BC9F6E-DFD3-4494-A04E-10BFD1BFE3A6}.Debug|iPhone.Build.0 = Debug|Any CPU
		{87BC9F6E-DFD3-4494-A04E-10BFD1BFE3A6}.Debug|iPhoneSimulator.ActiveCfg = Debug|Any CPU
		{87BC9F6E-DFD3-4494-A04E-10BFD1BFE3A6}.Debug|iPhoneSimulator.Build.0 = Debug|Any CPU
		{87BC9F6E-DFD3-4494-A04E-10BFD1BFE3A6}.EasyTest|Any CPU.ActiveCfg = Debug|Any CPU
		{87BC9F6E-DFD3-4494-A04E-10BFD1BFE3A6}.EasyTest|Any CPU.Build.0 = Debug|Any CPU
		{87BC9F6E-DFD3-4494-A04E-10BFD1BFE3A6}.EasyTest|iPhone.ActiveCfg = Release|Any CPU
		{87BC9F6E-DFD3-4494-A04E-10BFD1BFE3A6}.EasyTest|iPhone.Build.0 = Release|Any CPU
		{87BC9F6E-DFD3-4494-A04E-10BFD1BFE3A6}.EasyTest|iPhoneSimulator.ActiveCfg = Release|Any CPU
		{87BC9F6E-DFD3-4494-A04E-10BFD1BFE3A6}.EasyTest|iPhoneSimulator.Build.0 = Release|Any CPU
		{87BC9F6E-DFD3-4494-A04E-10BFD1BFE3A6}.Release|Any CPU.ActiveCfg = Release|Any CPU
		{87BC9F6E-DFD3-4494-A04E-10BFD1BFE3A6}.Release|Any CPU.Build.0 = Release|Any CPU
		{87BC9F6E-DFD3-4494-A04E-10BFD1BFE3A6}.Release|iPhone.ActiveCfg = Release|Any CPU
		{87BC9F6E-DFD3-4494-A04E-10BFD1BFE3A6}.Release|iPhone.Build.0 = Release|Any CPU
		{87BC9F6E-DFD3-4494-A04E-10BFD1BFE3A6}.Release|iPhoneSimulator.ActiveCfg = Release|Any CPU
		{87BC9F6E-DFD3-4494-A04E-10BFD1BFE3A6}.Release|iPhoneSimulator.Build.0 = Release|Any CPU
		{5D81CBAF-F0A2-4FB1-8E61-C65A008830AC}.Debug|Any CPU.ActiveCfg = Debug|Any CPU
		{5D81CBAF-F0A2-4FB1-8E61-C65A008830AC}.Debug|Any CPU.Build.0 = Debug|Any CPU
		{5D81CBAF-F0A2-4FB1-8E61-C65A008830AC}.Debug|iPhone.ActiveCfg = Debug|Any CPU
		{5D81CBAF-F0A2-4FB1-8E61-C65A008830AC}.Debug|iPhone.Build.0 = Debug|Any CPU
		{5D81CBAF-F0A2-4FB1-8E61-C65A008830AC}.Debug|iPhoneSimulator.ActiveCfg = Debug|Any CPU
		{5D81CBAF-F0A2-4FB1-8E61-C65A008830AC}.Debug|iPhoneSimulator.Build.0 = Debug|Any CPU
		{5D81CBAF-F0A2-4FB1-8E61-C65A008830AC}.EasyTest|Any CPU.ActiveCfg = Release|Any CPU
		{5D81CBAF-F0A2-4FB1-8E61-C65A008830AC}.EasyTest|Any CPU.Build.0 = Release|Any CPU
		{5D81CBAF-F0A2-4FB1-8E61-C65A008830AC}.EasyTest|iPhone.ActiveCfg = Release|Any CPU
		{5D81CBAF-F0A2-4FB1-8E61-C65A008830AC}.EasyTest|iPhone.Build.0 = Release|Any CPU
		{5D81CBAF-F0A2-4FB1-8E61-C65A008830AC}.EasyTest|iPhoneSimulator.ActiveCfg = Release|Any CPU
		{5D81CBAF-F0A2-4FB1-8E61-C65A008830AC}.EasyTest|iPhoneSimulator.Build.0 = Release|Any CPU
		{5D81CBAF-F0A2-4FB1-8E61-C65A008830AC}.Release|Any CPU.ActiveCfg = Release|Any CPU
		{5D81CBAF-F0A2-4FB1-8E61-C65A008830AC}.Release|Any CPU.Build.0 = Release|Any CPU
		{5D81CBAF-F0A2-4FB1-8E61-C65A008830AC}.Release|iPhone.ActiveCfg = Release|Any CPU
		{5D81CBAF-F0A2-4FB1-8E61-C65A008830AC}.Release|iPhone.Build.0 = Release|Any CPU
		{5D81CBAF-F0A2-4FB1-8E61-C65A008830AC}.Release|iPhoneSimulator.ActiveCfg = Release|Any CPU
		{5D81CBAF-F0A2-4FB1-8E61-C65A008830AC}.Release|iPhoneSimulator.Build.0 = Release|Any CPU
		{C8BFE153-93E8-4AB4-AE5B-76A9A7A3A3CA}.Debug|Any CPU.ActiveCfg = Debug|Any CPU
		{C8BFE153-93E8-4AB4-AE5B-76A9A7A3A3CA}.Debug|Any CPU.Build.0 = Debug|Any CPU
		{C8BFE153-93E8-4AB4-AE5B-76A9A7A3A3CA}.Debug|iPhone.ActiveCfg = Debug|Any CPU
		{C8BFE153-93E8-4AB4-AE5B-76A9A7A3A3CA}.Debug|iPhone.Build.0 = Debug|Any CPU
		{C8BFE153-93E8-4AB4-AE5B-76A9A7A3A3CA}.Debug|iPhoneSimulator.ActiveCfg = Debug|Any CPU
		{C8BFE153-93E8-4AB4-AE5B-76A9A7A3A3CA}.Debug|iPhoneSimulator.Build.0 = Debug|Any CPU
		{C8BFE153-93E8-4AB4-AE5B-76A9A7A3A3CA}.EasyTest|Any CPU.ActiveCfg = Release|Any CPU
		{C8BFE153-93E8-4AB4-AE5B-76A9A7A3A3CA}.EasyTest|Any CPU.Build.0 = Release|Any CPU
		{C8BFE153-93E8-4AB4-AE5B-76A9A7A3A3CA}.EasyTest|iPhone.ActiveCfg = Release|Any CPU
		{C8BFE153-93E8-4AB4-AE5B-76A9A7A3A3CA}.EasyTest|iPhone.Build.0 = Release|Any CPU
		{C8BFE153-93E8-4AB4-AE5B-76A9A7A3A3CA}.EasyTest|iPhoneSimulator.ActiveCfg = Release|Any CPU
		{C8BFE153-93E8-4AB4-AE5B-76A9A7A3A3CA}.EasyTest|iPhoneSimulator.Build.0 = Release|Any CPU
		{C8BFE153-93E8-4AB4-AE5B-76A9A7A3A3CA}.Release|Any CPU.ActiveCfg = Release|Any CPU
		{C8BFE153-93E8-4AB4-AE5B-76A9A7A3A3CA}.Release|Any CPU.Build.0 = Release|Any CPU
		{C8BFE153-93E8-4AB4-AE5B-76A9A7A3A3CA}.Release|iPhone.ActiveCfg = Release|Any CPU
		{C8BFE153-93E8-4AB4-AE5B-76A9A7A3A3CA}.Release|iPhone.Build.0 = Release|Any CPU
		{C8BFE153-93E8-4AB4-AE5B-76A9A7A3A3CA}.Release|iPhoneSimulator.ActiveCfg = Release|Any CPU
		{C8BFE153-93E8-4AB4-AE5B-76A9A7A3A3CA}.Release|iPhoneSimulator.Build.0 = Release|Any CPU
		{816DC170-DFB1-4ABD-AC60-FA7FBB89B554}.Debug|Any CPU.ActiveCfg = Debug|Any CPU
		{816DC170-DFB1-4ABD-AC60-FA7FBB89B554}.Debug|Any CPU.Build.0 = Debug|Any CPU
		{816DC170-DFB1-4ABD-AC60-FA7FBB89B554}.Debug|Any CPU.Deploy.0 = Debug|Any CPU
		{816DC170-DFB1-4ABD-AC60-FA7FBB89B554}.Debug|iPhone.ActiveCfg = Debug|Any CPU
		{816DC170-DFB1-4ABD-AC60-FA7FBB89B554}.Debug|iPhone.Build.0 = Debug|Any CPU
		{816DC170-DFB1-4ABD-AC60-FA7FBB89B554}.Debug|iPhone.Deploy.0 = Debug|Any CPU
		{816DC170-DFB1-4ABD-AC60-FA7FBB89B554}.Debug|iPhoneSimulator.ActiveCfg = Debug|Any CPU
		{816DC170-DFB1-4ABD-AC60-FA7FBB89B554}.Debug|iPhoneSimulator.Build.0 = Debug|Any CPU
		{816DC170-DFB1-4ABD-AC60-FA7FBB89B554}.Debug|iPhoneSimulator.Deploy.0 = Debug|Any CPU
		{816DC170-DFB1-4ABD-AC60-FA7FBB89B554}.EasyTest|Any CPU.ActiveCfg = Release|Any CPU
		{816DC170-DFB1-4ABD-AC60-FA7FBB89B554}.EasyTest|Any CPU.Build.0 = Release|Any CPU
		{816DC170-DFB1-4ABD-AC60-FA7FBB89B554}.EasyTest|Any CPU.Deploy.0 = Release|Any CPU
		{816DC170-DFB1-4ABD-AC60-FA7FBB89B554}.EasyTest|iPhone.ActiveCfg = Release|Any CPU
		{816DC170-DFB1-4ABD-AC60-FA7FBB89B554}.EasyTest|iPhone.Build.0 = Release|Any CPU
		{816DC170-DFB1-4ABD-AC60-FA7FBB89B554}.EasyTest|iPhone.Deploy.0 = Release|Any CPU
		{816DC170-DFB1-4ABD-AC60-FA7FBB89B554}.EasyTest|iPhoneSimulator.ActiveCfg = Release|Any CPU
		{816DC170-DFB1-4ABD-AC60-FA7FBB89B554}.EasyTest|iPhoneSimulator.Build.0 = Release|Any CPU
		{816DC170-DFB1-4ABD-AC60-FA7FBB89B554}.EasyTest|iPhoneSimulator.Deploy.0 = Release|Any CPU
		{816DC170-DFB1-4ABD-AC60-FA7FBB89B554}.Release|Any CPU.ActiveCfg = Release|Any CPU
		{816DC170-DFB1-4ABD-AC60-FA7FBB89B554}.Release|Any CPU.Build.0 = Release|Any CPU
		{816DC170-DFB1-4ABD-AC60-FA7FBB89B554}.Release|Any CPU.Deploy.0 = Release|Any CPU
		{816DC170-DFB1-4ABD-AC60-FA7FBB89B554}.Release|iPhone.ActiveCfg = Release|Any CPU
		{816DC170-DFB1-4ABD-AC60-FA7FBB89B554}.Release|iPhone.Build.0 = Release|Any CPU
		{816DC170-DFB1-4ABD-AC60-FA7FBB89B554}.Release|iPhone.Deploy.0 = Release|Any CPU
		{816DC170-DFB1-4ABD-AC60-FA7FBB89B554}.Release|iPhoneSimulator.ActiveCfg = Release|Any CPU
		{816DC170-DFB1-4ABD-AC60-FA7FBB89B554}.Release|iPhoneSimulator.Build.0 = Release|Any CPU
		{816DC170-DFB1-4ABD-AC60-FA7FBB89B554}.Release|iPhoneSimulator.Deploy.0 = Release|Any CPU
		{004BC053-22BE-41B0-9DF7-97F446DEFFD9}.Debug|Any CPU.ActiveCfg = Debug|iPhone
		{004BC053-22BE-41B0-9DF7-97F446DEFFD9}.Debug|iPhone.ActiveCfg = Debug|iPhone
		{004BC053-22BE-41B0-9DF7-97F446DEFFD9}.Debug|iPhone.Build.0 = Debug|iPhone
		{004BC053-22BE-41B0-9DF7-97F446DEFFD9}.Debug|iPhoneSimulator.ActiveCfg = Debug|iPhoneSimulator
		{004BC053-22BE-41B0-9DF7-97F446DEFFD9}.Debug|iPhoneSimulator.Build.0 = Debug|iPhoneSimulator
		{004BC053-22BE-41B0-9DF7-97F446DEFFD9}.EasyTest|Any CPU.ActiveCfg = Release|iPhone
		{004BC053-22BE-41B0-9DF7-97F446DEFFD9}.EasyTest|Any CPU.Build.0 = Release|iPhone
		{004BC053-22BE-41B0-9DF7-97F446DEFFD9}.EasyTest|iPhone.ActiveCfg = Release|iPhone
		{004BC053-22BE-41B0-9DF7-97F446DEFFD9}.EasyTest|iPhone.Build.0 = Release|iPhone
		{004BC053-22BE-41B0-9DF7-97F446DEFFD9}.EasyTest|iPhoneSimulator.ActiveCfg = Release|iPhoneSimulator
		{004BC053-22BE-41B0-9DF7-97F446DEFFD9}.EasyTest|iPhoneSimulator.Build.0 = Release|iPhoneSimulator
		{004BC053-22BE-41B0-9DF7-97F446DEFFD9}.Release|Any CPU.ActiveCfg = Release|iPhone
		{004BC053-22BE-41B0-9DF7-97F446DEFFD9}.Release|iPhone.ActiveCfg = Release|iPhone
		{004BC053-22BE-41B0-9DF7-97F446DEFFD9}.Release|iPhone.Build.0 = Release|iPhone
		{004BC053-22BE-41B0-9DF7-97F446DEFFD9}.Release|iPhoneSimulator.ActiveCfg = Release|iPhoneSimulator
		{004BC053-22BE-41B0-9DF7-97F446DEFFD9}.Release|iPhoneSimulator.Build.0 = Release|iPhoneSimulator
		{B38505B4-E4CF-4F29-A89A-E25D0DF6D189}.Debug|Any CPU.ActiveCfg = Debug|Any CPU
		{B38505B4-E4CF-4F29-A89A-E25D0DF6D189}.Debug|Any CPU.Build.0 = Debug|Any CPU
		{B38505B4-E4CF-4F29-A89A-E25D0DF6D189}.Debug|iPhone.ActiveCfg = Debug|Any CPU
		{B38505B4-E4CF-4F29-A89A-E25D0DF6D189}.Debug|iPhone.Build.0 = Debug|Any CPU
		{B38505B4-E4CF-4F29-A89A-E25D0DF6D189}.Debug|iPhoneSimulator.ActiveCfg = Debug|Any CPU
		{B38505B4-E4CF-4F29-A89A-E25D0DF6D189}.Debug|iPhoneSimulator.Build.0 = Debug|Any CPU
		{B38505B4-E4CF-4F29-A89A-E25D0DF6D189}.EasyTest|Any CPU.ActiveCfg = Debug|Any CPU
		{B38505B4-E4CF-4F29-A89A-E25D0DF6D189}.EasyTest|Any CPU.Build.0 = Debug|Any CPU
		{B38505B4-E4CF-4F29-A89A-E25D0DF6D189}.EasyTest|iPhone.ActiveCfg = Debug|Any CPU
		{B38505B4-E4CF-4F29-A89A-E25D0DF6D189}.EasyTest|iPhone.Build.0 = Debug|Any CPU
		{B38505B4-E4CF-4F29-A89A-E25D0DF6D189}.EasyTest|iPhoneSimulator.ActiveCfg = Debug|Any CPU
		{B38505B4-E4CF-4F29-A89A-E25D0DF6D189}.EasyTest|iPhoneSimulator.Build.0 = Debug|Any CPU
		{B38505B4-E4CF-4F29-A89A-E25D0DF6D189}.Release|Any CPU.ActiveCfg = Release|Any CPU
		{B38505B4-E4CF-4F29-A89A-E25D0DF6D189}.Release|Any CPU.Build.0 = Release|Any CPU
		{B38505B4-E4CF-4F29-A89A-E25D0DF6D189}.Release|iPhone.ActiveCfg = Release|Any CPU
		{B38505B4-E4CF-4F29-A89A-E25D0DF6D189}.Release|iPhone.Build.0 = Release|Any CPU
		{B38505B4-E4CF-4F29-A89A-E25D0DF6D189}.Release|iPhoneSimulator.ActiveCfg = Release|Any CPU
		{B38505B4-E4CF-4F29-A89A-E25D0DF6D189}.Release|iPhoneSimulator.Build.0 = Release|Any CPU
		{301A899D-164B-4287-9D1C-A97BBBB64420}.Debug|Any CPU.ActiveCfg = Debug|Any CPU
		{301A899D-164B-4287-9D1C-A97BBBB64420}.Debug|Any CPU.Build.0 = Debug|Any CPU
		{301A899D-164B-4287-9D1C-A97BBBB64420}.Debug|iPhone.ActiveCfg = Debug|Any CPU
		{301A899D-164B-4287-9D1C-A97BBBB64420}.Debug|iPhone.Build.0 = Debug|Any CPU
		{301A899D-164B-4287-9D1C-A97BBBB64420}.Debug|iPhoneSimulator.ActiveCfg = Debug|Any CPU
		{301A899D-164B-4287-9D1C-A97BBBB64420}.Debug|iPhoneSimulator.Build.0 = Debug|Any CPU
		{301A899D-164B-4287-9D1C-A97BBBB64420}.EasyTest|Any CPU.ActiveCfg = Debug|Any CPU
		{301A899D-164B-4287-9D1C-A97BBBB64420}.EasyTest|Any CPU.Build.0 = Debug|Any CPU
		{301A899D-164B-4287-9D1C-A97BBBB64420}.EasyTest|iPhone.ActiveCfg = Debug|Any CPU
		{301A899D-164B-4287-9D1C-A97BBBB64420}.EasyTest|iPhone.Build.0 = Debug|Any CPU
		{301A899D-164B-4287-9D1C-A97BBBB64420}.EasyTest|iPhoneSimulator.ActiveCfg = Debug|Any CPU
		{301A899D-164B-4287-9D1C-A97BBBB64420}.EasyTest|iPhoneSimulator.Build.0 = Debug|Any CPU
		{301A899D-164B-4287-9D1C-A97BBBB64420}.Release|Any CPU.ActiveCfg = Release|Any CPU
		{301A899D-164B-4287-9D1C-A97BBBB64420}.Release|Any CPU.Build.0 = Release|Any CPU
		{301A899D-164B-4287-9D1C-A97BBBB64420}.Release|iPhone.ActiveCfg = Release|Any CPU
		{301A899D-164B-4287-9D1C-A97BBBB64420}.Release|iPhone.Build.0 = Release|Any CPU
		{301A899D-164B-4287-9D1C-A97BBBB64420}.Release|iPhoneSimulator.ActiveCfg = Release|Any CPU
		{301A899D-164B-4287-9D1C-A97BBBB64420}.Release|iPhoneSimulator.Build.0 = Release|Any CPU
	EndGlobalSection
	GlobalSection(SolutionProperties) = preSolution
		HideSolutionNode = FALSE
	EndGlobalSection
	GlobalSection(NestedProjects) = preSolution
		{5F15837D-D1E5-44DC-92F0-4F2EBE9C3F8D} = {B4262F0E-5C98-47BB-8952-6932E26C16BF}
		{7964F87D-BC5D-4C4E-8B2F-71E89739AA97} = {B4262F0E-5C98-47BB-8952-6932E26C16BF}
		{E12C6BCC-5244-4D10-86C1-B89B3DA0A2A2} = {C69F7E53-A5E7-4665-BB4C-51332C06FBED}
		{C5F1305C-2C1F-4CA2-B90D-9CFCEDF0839D} = {C69F7E53-A5E7-4665-BB4C-51332C06FBED}
		{677357E0-2425-4014-A1B3-AC3FA5BEE0D4} = {C5F1305C-2C1F-4CA2-B90D-9CFCEDF0839D}
		{A713C15B-D676-4B4D-AB60-1AF5DFEC9F63} = {E12C6BCC-5244-4D10-86C1-B89B3DA0A2A2}
		{D05D93DF-312D-4D4E-B980-726871EC7833} = {B4262F0E-5C98-47BB-8952-6932E26C16BF}
		{FB0A7475-FF1B-491E-9D88-9FC7AB7680D5} = {4FE91A09-A0D0-4944-9C57-E215CC629CEC}
		{44B9207C-2EA8-4B5D-A001-1F739001F1CC} = {BC4A8E32-3FA6-4006-BA78-5108742E368D}
		{3736F01D-0C58-43CA-8877-87A353C7040E} = {44B9207C-2EA8-4B5D-A001-1F739001F1CC}
		{87BC9F6E-DFD3-4494-A04E-10BFD1BFE3A6} = {FB0A7475-FF1B-491E-9D88-9FC7AB7680D5}
		{91F35BEF-FC5A-4917-8F58-177A298EE86D} = {15D9BC6A-DF3D-44FF-8974-84889E5683A9}
		{A2888B16-E614-4075-BBAA-B783317D8FEC} = {91F35BEF-FC5A-4917-8F58-177A298EE86D}
		{5D81CBAF-F0A2-4FB1-8E61-C65A008830AC} = {A2888B16-E614-4075-BBAA-B783317D8FEC}
		{1CF22A65-0506-46CC-8A94-71EAC11F4042} = {4FE91A09-A0D0-4944-9C57-E215CC629CEC}
		{C8BFE153-93E8-4AB4-AE5B-76A9A7A3A3CA} = {1CF22A65-0506-46CC-8A94-71EAC11F4042}
		{2950C3A0-B306-4D07-BBF0-45D9BB263276} = {6C434AD6-94AD-4E2D-9B55-E65CB5CC185D}
		{026DFA94-3C01-4F22-B3A1-62E3B0FF24F4} = {2950C3A0-B306-4D07-BBF0-45D9BB263276}
		{816DC170-DFB1-4ABD-AC60-FA7FBB89B554} = {026DFA94-3C01-4F22-B3A1-62E3B0FF24F4}
		{004BC053-22BE-41B0-9DF7-97F446DEFFD9} = {026DFA94-3C01-4F22-B3A1-62E3B0FF24F4}
		{B38505B4-E4CF-4F29-A89A-E25D0DF6D189} = {026DFA94-3C01-4F22-B3A1-62E3B0FF24F4}
		{28EDE5FF-97C6-403D-B5A7-5245E54ED8AB} = {4FE91A09-A0D0-4944-9C57-E215CC629CEC}
		{0A6EB3BC-D2A7-460E-A05D-1C70AB974941} = {28EDE5FF-97C6-403D-B5A7-5245E54ED8AB}
		{301A899D-164B-4287-9D1C-A97BBBB64420} = {0A6EB3BC-D2A7-460E-A05D-1C70AB974941}
	EndGlobalSection
	GlobalSection(ExtensibilityGlobals) = postSolution
		SolutionGuid = {44F3B656-3124-4EB6-8356-27A913D925FB}
	EndGlobalSection
EndGlobal
