
Microsoft Visual Studio Solution File, Format Version 12.00
# Visual Studio Version 16
VisualStudioVersion = 16.0.29424.173
MinimumVisualStudioVersion = 10.0.40219.1
Project("{2150E333-8FDC-42A3-9474-1A3956D46DE8}") = "Console", "Console", "{A691C47C-DA74-4462-ACC4-ABB4CBFE7A26}"
EndProject
Project("{2150E333-8FDC-42A3-9474-1A3956D46DE8}") = "CS", "CS", "{9C32D197-5066-48DB-AC8B-1135027F35B8}"
EndProject
Project("{2150E333-8FDC-42A3-9474-1A3956D46DE8}") = "XAFSolution", "XAFSolution", "{4183A299-DF99-4843-AD79-21833F9683DA}"
EndProject
Project("{FAE04EC0-301F-11D3-BF4B-00C04F79EFBC}") = "XafSolution.Module", "XafSolution\XafSolution.Module\XafSolution.Module.csproj", "{5F15837D-D1E5-44DC-92F0-4F2EBE9C3F8D}"
EndProject
Project("{FAE04EC0-301F-11D3-BF4B-00C04F79EFBC}") = "XafSolution.Module.Win", "XafSolution\XafSolution.Module.Win\XafSolution.Module.Win.csproj", "{7964F87D-BC5D-4C4E-8B2F-71E89739AA97}"
EndProject
Project("{FAE04EC0-301F-11D3-BF4B-00C04F79EFBC}") = "XafSolution.Win", "XafSolution\XafSolution.Win\XafSolution.Win.csproj", "{D05D93DF-312D-4D4E-B980-726871EC7833}"
EndProject
Project("{2150E333-8FDC-42A3-9474-1A3956D46DE8}") = "WinForms", "WinForms", "{4F21931C-E444-4903-882F-DAB58604C48E}"
EndProject
Project("{2150E333-8FDC-42A3-9474-1A3956D46DE8}") = "CS", "CS", "{E1EFB4CF-C7D6-44E3-B5B4-E73C71184ABA}"
EndProject
Project("{FAE04EC0-301F-11D3-BF4B-00C04F79EFBC}") = "WindowsFormsApplication", "WinForms\CS\WindowsFormsApplication.csproj", "{3736F01D-0C58-43CA-8877-87A353C7040E}"
EndProject
Project("{FAE04EC0-301F-11D3-BF4B-00C04F79EFBC}") = "ConsoleApplication", "Console\CS\ConsoleApplication.csproj", "{740651A7-1BDB-40FD-9C18-0D4F037B4007}"
EndProject
Project("{2150E333-8FDC-42A3-9474-1A3956D46DE8}") = "VB", "VB", "{8722DD14-FA91-4DE9-9EB4-95C8C0FEF975}"
EndProject
Project("{F184B08F-C81C-45F6-A57F-5ABD9991F28F}") = "ConsoleApplication", "Console\VB\ConsoleApplication.vbproj", "{BF626D91-1380-471C-B084-F0E0AABCAAEE}"
EndProject
Project("{2150E333-8FDC-42A3-9474-1A3956D46DE8}") = "VB", "VB", "{931EC103-1393-4317-A1C5-874B435BA339}"
EndProject
Project("{F184B08F-C81C-45F6-A57F-5ABD9991F28F}") = "WindowsFormsApplication", "WinForms\VB\WindowsFormsApplication.vbproj", "{74CAE5D3-2801-43AC-BFB1-872382492E38}"
EndProject
Project("{2150E333-8FDC-42A3-9474-1A3956D46DE8}") = "ASP.NetCore", "ASP.NetCore", "{670CC3DE-E5AE-4775-ADBB-BF233BA06236}"
EndProject
Project("{2150E333-8FDC-42A3-9474-1A3956D46DE8}") = "MVC", "MVC", "{BEC9D87E-F2F2-4DA4-BAD8-FA1C268EEAD0}"
EndProject
Project("{9A19103F-16F7-4668-BE54-9A1E7A4F7556}") = "MvcApplication", "ASP.NetCore\MVC\MvcApplication.csproj", "{6CE03289-CE0B-490D-84AC-7604D090BC75}"
EndProject
Project("{2150E333-8FDC-42A3-9474-1A3956D46DE8}") = "ASP.Net", "ASP.Net", "{AD73FD22-7CD9-4EEE-8873-72F1A37F1479}"
EndProject
Project("{2150E333-8FDC-42A3-9474-1A3956D46DE8}") = "WebForms", "WebForms", "{AB35DB37-481F-4A5B-8171-156FEA09463A}"
EndProject
Project("{2150E333-8FDC-42A3-9474-1A3956D46DE8}") = "CS", "CS", "{DB6909E4-CE5B-4026-90F1-F43E0AA6D7AC}"
EndProject
Project("{FAE04EC0-301F-11D3-BF4B-00C04F79EFBC}") = "WebFormsApplication", "ASP.Net\WebForms\CS\WebFormsApplication.csproj", "{E51366AC-F9F5-45BF-BA70-DB6B825DB38E}"
EndProject
Project("{2150E333-8FDC-42A3-9474-1A3956D46DE8}") = "VB", "VB", "{BFF8D918-3696-4EBB-9CF2-3821B1F2990A}"
EndProject
Project("{F184B08F-C81C-45F6-A57F-5ABD9991F28F}") = "WebFormsApplication", "ASP.Net\WebForms\VB\WebFormsApplication.vbproj", "{B60E0B3C-F963-47AC-90CD-1681F432B617}"
EndProject
Global
	GlobalSection(SolutionConfigurationPlatforms) = preSolution
		Debug|Any CPU = Debug|Any CPU
		EasyTest|Any CPU = EasyTest|Any CPU
		Release|Any CPU = Release|Any CPU
	EndGlobalSection
	GlobalSection(ProjectConfigurationPlatforms) = postSolution
		{5F15837D-D1E5-44DC-92F0-4F2EBE9C3F8D}.Debug|Any CPU.ActiveCfg = Debug|Any CPU
		{5F15837D-D1E5-44DC-92F0-4F2EBE9C3F8D}.Debug|Any CPU.Build.0 = Debug|Any CPU
		{5F15837D-D1E5-44DC-92F0-4F2EBE9C3F8D}.EasyTest|Any CPU.ActiveCfg = EasyTest|Any CPU
		{5F15837D-D1E5-44DC-92F0-4F2EBE9C3F8D}.EasyTest|Any CPU.Build.0 = EasyTest|Any CPU
		{5F15837D-D1E5-44DC-92F0-4F2EBE9C3F8D}.Release|Any CPU.ActiveCfg = Release|Any CPU
		{5F15837D-D1E5-44DC-92F0-4F2EBE9C3F8D}.Release|Any CPU.Build.0 = Release|Any CPU
		{7964F87D-BC5D-4C4E-8B2F-71E89739AA97}.Debug|Any CPU.ActiveCfg = Debug|Any CPU
		{7964F87D-BC5D-4C4E-8B2F-71E89739AA97}.Debug|Any CPU.Build.0 = Debug|Any CPU
		{7964F87D-BC5D-4C4E-8B2F-71E89739AA97}.EasyTest|Any CPU.ActiveCfg = EasyTest|Any CPU
		{7964F87D-BC5D-4C4E-8B2F-71E89739AA97}.EasyTest|Any CPU.Build.0 = EasyTest|Any CPU
		{7964F87D-BC5D-4C4E-8B2F-71E89739AA97}.Release|Any CPU.ActiveCfg = Release|Any CPU
		{7964F87D-BC5D-4C4E-8B2F-71E89739AA97}.Release|Any CPU.Build.0 = Release|Any CPU
		{D05D93DF-312D-4D4E-B980-726871EC7833}.Debug|Any CPU.ActiveCfg = Debug|Any CPU
		{D05D93DF-312D-4D4E-B980-726871EC7833}.Debug|Any CPU.Build.0 = Debug|Any CPU
		{D05D93DF-312D-4D4E-B980-726871EC7833}.EasyTest|Any CPU.ActiveCfg = EasyTest|Any CPU
		{D05D93DF-312D-4D4E-B980-726871EC7833}.EasyTest|Any CPU.Build.0 = EasyTest|Any CPU
		{D05D93DF-312D-4D4E-B980-726871EC7833}.Release|Any CPU.ActiveCfg = Release|Any CPU
		{D05D93DF-312D-4D4E-B980-726871EC7833}.Release|Any CPU.Build.0 = Release|Any CPU
		{3736F01D-0C58-43CA-8877-87A353C7040E}.Debug|Any CPU.ActiveCfg = Debug|Any CPU
		{3736F01D-0C58-43CA-8877-87A353C7040E}.Debug|Any CPU.Build.0 = Debug|Any CPU
		{3736F01D-0C58-43CA-8877-87A353C7040E}.EasyTest|Any CPU.ActiveCfg = Release|Any CPU
		{3736F01D-0C58-43CA-8877-87A353C7040E}.EasyTest|Any CPU.Build.0 = Release|Any CPU
		{3736F01D-0C58-43CA-8877-87A353C7040E}.Release|Any CPU.ActiveCfg = Release|Any CPU
		{3736F01D-0C58-43CA-8877-87A353C7040E}.Release|Any CPU.Build.0 = Release|Any CPU
		{740651A7-1BDB-40FD-9C18-0D4F037B4007}.Debug|Any CPU.ActiveCfg = Debug|Any CPU
		{740651A7-1BDB-40FD-9C18-0D4F037B4007}.Debug|Any CPU.Build.0 = Debug|Any CPU
		{740651A7-1BDB-40FD-9C18-0D4F037B4007}.EasyTest|Any CPU.ActiveCfg = Release|Any CPU
		{740651A7-1BDB-40FD-9C18-0D4F037B4007}.EasyTest|Any CPU.Build.0 = Release|Any CPU
		{740651A7-1BDB-40FD-9C18-0D4F037B4007}.Release|Any CPU.ActiveCfg = Release|Any CPU
		{740651A7-1BDB-40FD-9C18-0D4F037B4007}.Release|Any CPU.Build.0 = Release|Any CPU
		{BF626D91-1380-471C-B084-F0E0AABCAAEE}.Debug|Any CPU.ActiveCfg = Debug|Any CPU
		{BF626D91-1380-471C-B084-F0E0AABCAAEE}.Debug|Any CPU.Build.0 = Debug|Any CPU
		{BF626D91-1380-471C-B084-F0E0AABCAAEE}.EasyTest|Any CPU.ActiveCfg = Release|Any CPU
		{BF626D91-1380-471C-B084-F0E0AABCAAEE}.EasyTest|Any CPU.Build.0 = Release|Any CPU
		{BF626D91-1380-471C-B084-F0E0AABCAAEE}.Release|Any CPU.ActiveCfg = Release|Any CPU
		{BF626D91-1380-471C-B084-F0E0AABCAAEE}.Release|Any CPU.Build.0 = Release|Any CPU
		{74CAE5D3-2801-43AC-BFB1-872382492E38}.Debug|Any CPU.ActiveCfg = Debug|Any CPU
		{74CAE5D3-2801-43AC-BFB1-872382492E38}.Debug|Any CPU.Build.0 = Debug|Any CPU
		{74CAE5D3-2801-43AC-BFB1-872382492E38}.EasyTest|Any CPU.ActiveCfg = Release|Any CPU
		{74CAE5D3-2801-43AC-BFB1-872382492E38}.EasyTest|Any CPU.Build.0 = Release|Any CPU
		{74CAE5D3-2801-43AC-BFB1-872382492E38}.Release|Any CPU.ActiveCfg = Release|Any CPU
		{74CAE5D3-2801-43AC-BFB1-872382492E38}.Release|Any CPU.Build.0 = Release|Any CPU
		{6CE03289-CE0B-490D-84AC-7604D090BC75}.Debug|Any CPU.ActiveCfg = Debug|Any CPU
		{6CE03289-CE0B-490D-84AC-7604D090BC75}.Debug|Any CPU.Build.0 = Debug|Any CPU
		{6CE03289-CE0B-490D-84AC-7604D090BC75}.EasyTest|Any CPU.ActiveCfg = Debug|Any CPU
		{6CE03289-CE0B-490D-84AC-7604D090BC75}.EasyTest|Any CPU.Build.0 = Debug|Any CPU
		{6CE03289-CE0B-490D-84AC-7604D090BC75}.Release|Any CPU.ActiveCfg = Release|Any CPU
		{6CE03289-CE0B-490D-84AC-7604D090BC75}.Release|Any CPU.Build.0 = Release|Any CPU
		{E51366AC-F9F5-45BF-BA70-DB6B825DB38E}.Debug|Any CPU.ActiveCfg = Debug|Any CPU
		{E51366AC-F9F5-45BF-BA70-DB6B825DB38E}.Debug|Any CPU.Build.0 = Debug|Any CPU
		{E51366AC-F9F5-45BF-BA70-DB6B825DB38E}.EasyTest|Any CPU.ActiveCfg = Release|Any CPU
		{E51366AC-F9F5-45BF-BA70-DB6B825DB38E}.EasyTest|Any CPU.Build.0 = Release|Any CPU
		{E51366AC-F9F5-45BF-BA70-DB6B825DB38E}.Release|Any CPU.ActiveCfg = Release|Any CPU
		{E51366AC-F9F5-45BF-BA70-DB6B825DB38E}.Release|Any CPU.Build.0 = Release|Any CPU
		{B60E0B3C-F963-47AC-90CD-1681F432B617}.Debug|Any CPU.ActiveCfg = Debug|Any CPU
		{B60E0B3C-F963-47AC-90CD-1681F432B617}.Debug|Any CPU.Build.0 = Debug|Any CPU
		{B60E0B3C-F963-47AC-90CD-1681F432B617}.EasyTest|Any CPU.ActiveCfg = Release|Any CPU
		{B60E0B3C-F963-47AC-90CD-1681F432B617}.EasyTest|Any CPU.Build.0 = Release|Any CPU
		{B60E0B3C-F963-47AC-90CD-1681F432B617}.Release|Any CPU.ActiveCfg = Release|Any CPU
		{B60E0B3C-F963-47AC-90CD-1681F432B617}.Release|Any CPU.Build.0 = Release|Any CPU
	EndGlobalSection
	GlobalSection(SolutionProperties) = preSolution
		HideSolutionNode = FALSE
	EndGlobalSection
	GlobalSection(NestedProjects) = preSolution
		{9C32D197-5066-48DB-AC8B-1135027F35B8} = {A691C47C-DA74-4462-ACC4-ABB4CBFE7A26}
		{5F15837D-D1E5-44DC-92F0-4F2EBE9C3F8D} = {4183A299-DF99-4843-AD79-21833F9683DA}
		{7964F87D-BC5D-4C4E-8B2F-71E89739AA97} = {4183A299-DF99-4843-AD79-21833F9683DA}
		{D05D93DF-312D-4D4E-B980-726871EC7833} = {4183A299-DF99-4843-AD79-21833F9683DA}
		{E1EFB4CF-C7D6-44E3-B5B4-E73C71184ABA} = {4F21931C-E444-4903-882F-DAB58604C48E}
		{3736F01D-0C58-43CA-8877-87A353C7040E} = {E1EFB4CF-C7D6-44E3-B5B4-E73C71184ABA}
		{740651A7-1BDB-40FD-9C18-0D4F037B4007} = {9C32D197-5066-48DB-AC8B-1135027F35B8}
		{8722DD14-FA91-4DE9-9EB4-95C8C0FEF975} = {A691C47C-DA74-4462-ACC4-ABB4CBFE7A26}
		{BF626D91-1380-471C-B084-F0E0AABCAAEE} = {8722DD14-FA91-4DE9-9EB4-95C8C0FEF975}
		{931EC103-1393-4317-A1C5-874B435BA339} = {4F21931C-E444-4903-882F-DAB58604C48E}
		{74CAE5D3-2801-43AC-BFB1-872382492E38} = {931EC103-1393-4317-A1C5-874B435BA339}
		{BEC9D87E-F2F2-4DA4-BAD8-FA1C268EEAD0} = {670CC3DE-E5AE-4775-ADBB-BF233BA06236}
		{6CE03289-CE0B-490D-84AC-7604D090BC75} = {BEC9D87E-F2F2-4DA4-BAD8-FA1C268EEAD0}
		{AB35DB37-481F-4A5B-8171-156FEA09463A} = {AD73FD22-7CD9-4EEE-8873-72F1A37F1479}
		{DB6909E4-CE5B-4026-90F1-F43E0AA6D7AC} = {AB35DB37-481F-4A5B-8171-156FEA09463A}
		{E51366AC-F9F5-45BF-BA70-DB6B825DB38E} = {DB6909E4-CE5B-4026-90F1-F43E0AA6D7AC}
		{BFF8D918-3696-4EBB-9CF2-3821B1F2990A} = {AB35DB37-481F-4A5B-8171-156FEA09463A}
		{B60E0B3C-F963-47AC-90CD-1681F432B617} = {BFF8D918-3696-4EBB-9CF2-3821B1F2990A}
	EndGlobalSection
	GlobalSection(ExtensibilityGlobals) = postSolution
		SolutionGuid = {72E7ACF8-5C91-4E10-951A-62160413D5A6}
	EndGlobalSection
EndGlobal
