
Microsoft Visual Studio Solution File, Format Version 12.00
# Visual Studio Version 16
VisualStudioVersion = 16.0.29424.173
MinimumVisualStudioVersion = 10.0.40219.1
Project("{2150E333-8FDC-42A3-9474-1A3956D46DE8}") = "XAFSolution", "XAFSolution", "{78DDAB22-82E4-4EBC-9F80-CD962DFBACFE}"
EndProject
Project("{2150E333-8FDC-42A3-9474-1A3956D46DE8}") = "Console", "Console", "{602216DE-2E89-492D-B499-EF490B946596}"
EndProject
Project("{2150E333-8FDC-42A3-9474-1A3956D46DE8}") = "CS", "CS", "{DCB3B083-0F92-4550-9556-6C69728CA3F9}"
EndProject
Project("{2150E333-8FDC-42A3-9474-1A3956D46DE8}") = "WinForms", "WinForms", "{EEF56501-AFED-451A-8AFE-40F6A4F229DB}"
EndProject
Project("{9A19103F-16F7-4668-BE54-9A1E7A4F7556}") = "WindowsFormsApplication.NetCore", "WinForms\CS\WindowsFormsApplication.NetCore.csproj", "{FDF29756-950B-41E3-A051-4BB71AE0FCA8}"
EndProject
Project("{9A19103F-16F7-4668-BE54-9A1E7A4F7556}") = "ConsoleApplication.NetCore", "Console\CS\ConsoleApplication.NetCore.csproj", "{86883755-83CD-402D-BD56-0690B714D0A1}"
	ProjectSection(ProjectDependencies) = postProject
		{177B84D2-D72D-4EDA-B036-A25EFE22177A} = {177B84D2-D72D-4EDA-B036-A25EFE22177A}
	EndProjectSection
EndProject
Project("{2150E333-8FDC-42A3-9474-1A3956D46DE8}") = "VB", "VB", "{E1DF4A25-A05C-4E7F-B460-68C9E8AC3CCD}"
EndProject
Project("{778DAE3C-4631-46EA-AA77-85C1314464D9}") = "ConsoleApplication.NetCore", "Console\VB\ConsoleApplication.NetCore.vbproj", "{4A595035-D7BA-4074-BD23-376268829C07}"
	ProjectSection(ProjectDependencies) = postProject
		{177B84D2-D72D-4EDA-B036-A25EFE22177A} = {177B84D2-D72D-4EDA-B036-A25EFE22177A}
	EndProjectSection
EndProject
Project("{2150E333-8FDC-42A3-9474-1A3956D46DE8}") = "ASP.NetCore", "ASP.NetCore", "{8D29B016-21B7-4D3B-AAAC-A4B468745927}"
EndProject
Project("{2150E333-8FDC-42A3-9474-1A3956D46DE8}") = "MVC", "MVC", "{AEE4D6ED-4472-401B-8AE5-0D4FF5A71234}"
EndProject
Project("{9A19103F-16F7-4668-BE54-9A1E7A4F7556}") = "MvcApplication.NetCore", "ASP.NetCore\MVC\MvcApplication.NetCore.csproj", "{A133A637-520A-429C-AA63-A6AFA1B52261}"
	ProjectSection(ProjectDependencies) = postProject
		{177B84D2-D72D-4EDA-B036-A25EFE22177A} = {177B84D2-D72D-4EDA-B036-A25EFE22177A}
	EndProjectSection
EndProject
Project("{9A19103F-16F7-4668-BE54-9A1E7A4F7556}") = "XafSolution.Module.NetCore", "XafSolution\XafSolution.Module\XafSolution.Module.NetCore.csproj", "{177B84D2-D72D-4EDA-B036-A25EFE22177A}"
EndProject
Project("{9A19103F-16F7-4668-BE54-9A1E7A4F7556}") = "XafSolution.Module.Win.NetCore", "XafSolution\XafSolution.Module.Win\XafSolution.Module.Win.NetCore.csproj", "{A84515C5-37C8-4594-A2DF-B38569F77B51}"
EndProject
Project("{9A19103F-16F7-4668-BE54-9A1E7A4F7556}") = "XafSolution.Win.NetCore", "XafSolution\XafSolution.Win\XafSolution.Win.NetCore.csproj", "{B450366C-E483-4B2D-94DC-0DF3E259EA48}"
EndProject
Project("{2150E333-8FDC-42A3-9474-1A3956D46DE8}") = "DevExtreme.OData", "DevExtreme.OData", "{1EF4F907-495F-4DF3-ABE8-E3A3BA504AF4}"
EndProject
Project("{9A19103F-16F7-4668-BE54-9A1E7A4F7556}") = "ODataService.NetCore", "ASP.NetCore\DevExtreme.OData\ODataService.NetCore.csproj", "{6A178B20-1417-4718-96A8-B1A50B1E0870}"
	ProjectSection(ProjectDependencies) = postProject
		{177B84D2-D72D-4EDA-B036-A25EFE22177A} = {177B84D2-D72D-4EDA-B036-A25EFE22177A}
	EndProjectSection
EndProject
Global
	GlobalSection(SolutionConfigurationPlatforms) = preSolution
		Debug|Any CPU = Debug|Any CPU
		EasyTest|Any CPU = EasyTest|Any CPU
		Release|Any CPU = Release|Any CPU
	EndGlobalSection
	GlobalSection(ProjectConfigurationPlatforms) = postSolution
		{FDF29756-950B-41E3-A051-4BB71AE0FCA8}.Debug|Any CPU.ActiveCfg = Debug|Any CPU
		{FDF29756-950B-41E3-A051-4BB71AE0FCA8}.Debug|Any CPU.Build.0 = Debug|Any CPU
		{FDF29756-950B-41E3-A051-4BB71AE0FCA8}.EasyTest|Any CPU.ActiveCfg = Debug|Any CPU
		{FDF29756-950B-41E3-A051-4BB71AE0FCA8}.EasyTest|Any CPU.Build.0 = Debug|Any CPU
		{FDF29756-950B-41E3-A051-4BB71AE0FCA8}.Release|Any CPU.ActiveCfg = Release|Any CPU
		{FDF29756-950B-41E3-A051-4BB71AE0FCA8}.Release|Any CPU.Build.0 = Release|Any CPU
		{86883755-83CD-402D-BD56-0690B714D0A1}.Debug|Any CPU.ActiveCfg = Debug|Any CPU
		{86883755-83CD-402D-BD56-0690B714D0A1}.Debug|Any CPU.Build.0 = Debug|Any CPU
		{86883755-83CD-402D-BD56-0690B714D0A1}.EasyTest|Any CPU.ActiveCfg = Debug|Any CPU
		{86883755-83CD-402D-BD56-0690B714D0A1}.EasyTest|Any CPU.Build.0 = Debug|Any CPU
		{86883755-83CD-402D-BD56-0690B714D0A1}.Release|Any CPU.ActiveCfg = Release|Any CPU
		{86883755-83CD-402D-BD56-0690B714D0A1}.Release|Any CPU.Build.0 = Release|Any CPU
		{4A595035-D7BA-4074-BD23-376268829C07}.Debug|Any CPU.ActiveCfg = Debug|Any CPU
		{4A595035-D7BA-4074-BD23-376268829C07}.Debug|Any CPU.Build.0 = Debug|Any CPU
		{4A595035-D7BA-4074-BD23-376268829C07}.EasyTest|Any CPU.ActiveCfg = Debug|Any CPU
		{4A595035-D7BA-4074-BD23-376268829C07}.EasyTest|Any CPU.Build.0 = Debug|Any CPU
		{4A595035-D7BA-4074-BD23-376268829C07}.Release|Any CPU.ActiveCfg = Release|Any CPU
		{4A595035-D7BA-4074-BD23-376268829C07}.Release|Any CPU.Build.0 = Release|Any CPU
		{A133A637-520A-429C-AA63-A6AFA1B52261}.Debug|Any CPU.ActiveCfg = Debug|Any CPU
		{A133A637-520A-429C-AA63-A6AFA1B52261}.Debug|Any CPU.Build.0 = Debug|Any CPU
		{A133A637-520A-429C-AA63-A6AFA1B52261}.EasyTest|Any CPU.ActiveCfg = Debug|Any CPU
		{A133A637-520A-429C-AA63-A6AFA1B52261}.EasyTest|Any CPU.Build.0 = Debug|Any CPU
		{A133A637-520A-429C-AA63-A6AFA1B52261}.Release|Any CPU.ActiveCfg = Release|Any CPU
		{A133A637-520A-429C-AA63-A6AFA1B52261}.Release|Any CPU.Build.0 = Release|Any CPU
		{177B84D2-D72D-4EDA-B036-A25EFE22177A}.Debug|Any CPU.ActiveCfg = Debug|Any CPU
		{177B84D2-D72D-4EDA-B036-A25EFE22177A}.Debug|Any CPU.Build.0 = Debug|Any CPU
		{177B84D2-D72D-4EDA-B036-A25EFE22177A}.EasyTest|Any CPU.ActiveCfg = EasyTest|Any CPU
		{177B84D2-D72D-4EDA-B036-A25EFE22177A}.EasyTest|Any CPU.Build.0 = EasyTest|Any CPU
		{177B84D2-D72D-4EDA-B036-A25EFE22177A}.Release|Any CPU.ActiveCfg = Release|Any CPU
		{177B84D2-D72D-4EDA-B036-A25EFE22177A}.Release|Any CPU.Build.0 = Release|Any CPU
		{A84515C5-37C8-4594-A2DF-B38569F77B51}.Debug|Any CPU.ActiveCfg = Debug|Any CPU
		{A84515C5-37C8-4594-A2DF-B38569F77B51}.Debug|Any CPU.Build.0 = Debug|Any CPU
		{A84515C5-37C8-4594-A2DF-B38569F77B51}.EasyTest|Any CPU.ActiveCfg = EasyTest|Any CPU
		{A84515C5-37C8-4594-A2DF-B38569F77B51}.EasyTest|Any CPU.Build.0 = EasyTest|Any CPU
		{A84515C5-37C8-4594-A2DF-B38569F77B51}.Release|Any CPU.ActiveCfg = Release|Any CPU
		{A84515C5-37C8-4594-A2DF-B38569F77B51}.Release|Any CPU.Build.0 = Release|Any CPU
		{B450366C-E483-4B2D-94DC-0DF3E259EA48}.Debug|Any CPU.ActiveCfg = Debug|Any CPU
		{B450366C-E483-4B2D-94DC-0DF3E259EA48}.Debug|Any CPU.Build.0 = Debug|Any CPU
		{B450366C-E483-4B2D-94DC-0DF3E259EA48}.EasyTest|Any CPU.ActiveCfg = EasyTest|Any CPU
		{B450366C-E483-4B2D-94DC-0DF3E259EA48}.EasyTest|Any CPU.Build.0 = EasyTest|Any CPU
		{B450366C-E483-4B2D-94DC-0DF3E259EA48}.Release|Any CPU.ActiveCfg = Release|Any CPU
		{B450366C-E483-4B2D-94DC-0DF3E259EA48}.Release|Any CPU.Build.0 = Release|Any CPU
		{6A178B20-1417-4718-96A8-B1A50B1E0870}.Debug|Any CPU.ActiveCfg = Debug|Any CPU
		{6A178B20-1417-4718-96A8-B1A50B1E0870}.Debug|Any CPU.Build.0 = Debug|Any CPU
		{6A178B20-1417-4718-96A8-B1A50B1E0870}.EasyTest|Any CPU.ActiveCfg = Debug|Any CPU
		{6A178B20-1417-4718-96A8-B1A50B1E0870}.EasyTest|Any CPU.Build.0 = Debug|Any CPU
		{6A178B20-1417-4718-96A8-B1A50B1E0870}.Release|Any CPU.ActiveCfg = Release|Any CPU
		{6A178B20-1417-4718-96A8-B1A50B1E0870}.Release|Any CPU.Build.0 = Release|Any CPU
	EndGlobalSection
	GlobalSection(SolutionProperties) = preSolution
		HideSolutionNode = FALSE
	EndGlobalSection
	GlobalSection(NestedProjects) = preSolution
		{DCB3B083-0F92-4550-9556-6C69728CA3F9} = {602216DE-2E89-492D-B499-EF490B946596}
		{FDF29756-950B-41E3-A051-4BB71AE0FCA8} = {EEF56501-AFED-451A-8AFE-40F6A4F229DB}
		{86883755-83CD-402D-BD56-0690B714D0A1} = {DCB3B083-0F92-4550-9556-6C69728CA3F9}
		{E1DF4A25-A05C-4E7F-B460-68C9E8AC3CCD} = {602216DE-2E89-492D-B499-EF490B946596}
		{4A595035-D7BA-4074-BD23-376268829C07} = {E1DF4A25-A05C-4E7F-B460-68C9E8AC3CCD}
		{AEE4D6ED-4472-401B-8AE5-0D4FF5A71234} = {8D29B016-21B7-4D3B-AAAC-A4B468745927}
		{A133A637-520A-429C-AA63-A6AFA1B52261} = {AEE4D6ED-4472-401B-8AE5-0D4FF5A71234}
		{177B84D2-D72D-4EDA-B036-A25EFE22177A} = {78DDAB22-82E4-4EBC-9F80-CD962DFBACFE}
		{A84515C5-37C8-4594-A2DF-B38569F77B51} = {78DDAB22-82E4-4EBC-9F80-CD962DFBACFE}
		{B450366C-E483-4B2D-94DC-0DF3E259EA48} = {78DDAB22-82E4-4EBC-9F80-CD962DFBACFE}
		{1EF4F907-495F-4DF3-ABE8-E3A3BA504AF4} = {8D29B016-21B7-4D3B-AAAC-A4B468745927}
		{6A178B20-1417-4718-96A8-B1A50B1E0870} = {1EF4F907-495F-4DF3-ABE8-E3A3BA504AF4}
	EndGlobalSection
	GlobalSection(ExtensibilityGlobals) = postSolution
		SolutionGuid = {F3AD9080-D3BE-472D-A4C1-E11572A2B959}
	EndGlobalSection
EndGlobal
