
Microsoft Visual Studio Solution File, Format Version 12.00
# Visual Studio Version 16
VisualStudioVersion = 16.0.30225.117
MinimumVisualStudioVersion = 10.0.40219.1
Project("{9A19103F-16F7-4668-BE54-9A1E7A4F7556}") = "XamarinFormsDemo", "XamarinFormsDemo\XamarinFormsDemo.csproj", "{B19458E6-402A-46FE-A2C9-F725FF315615}"
EndProject
Project("{FAE04EC0-301F-11D3-BF4B-00C04F79EFBC}") = "XamarinFormsDemo.Android", "XamarinFormsDemo.Android\XamarinFormsDemo.Android.csproj", "{DC51519F-F680-43DA-93B2-9BAF7E010A78}"
EndProject
Project("{FAE04EC0-301F-11D3-BF4B-00C04F79EFBC}") = "XamarinFormsDemo.iOS", "XamarinFormsDemo.iOS\XamarinFormsDemo.iOS.csproj", "{1EEBD49A-670E-4810-9709-F4A7FBFACC49}"
EndProject
Project("{9A19103F-16F7-4668-BE54-9A1E7A4F7556}") = "WebApiService", "..\WebApiService\CS\WebApiService.csproj", "{C6B95F83-8D7F-4D62-A04F-BEC611C9D0AE}"
EndProject
Project("{9A19103F-16F7-4668-BE54-9A1E7A4F7556}") = "BusinessObjectsLibrary", "..\BusinessObjectsLibrary\BusinessObjectsLibrary.csproj", "{B117B9DC-AB4D-49CC-B988-CA20AFE1642E}"
EndProject
Project("{9A19103F-16F7-4668-BE54-9A1E7A4F7556}") = "DatabaseUpdater", "..\DatabaseUpdater\DatabaseUpdater.csproj", "{9E29CD29-314D-477C-A43E-DD9FB46BA005}"
EndProject
Global
	GlobalSection(SolutionConfigurationPlatforms) = preSolution
		Debug|Any CPU = Debug|Any CPU
		Debug|iPhone = Debug|iPhone
		Debug|iPhoneSimulator = Debug|iPhoneSimulator
		EasyTest|Any CPU = EasyTest|Any CPU
		EasyTest|iPhone = EasyTest|iPhone
		EasyTest|iPhoneSimulator = EasyTest|iPhoneSimulator
		Release|Any CPU = Release|Any CPU
		Release|iPhone = Release|iPhone
		Release|iPhoneSimulator = Release|iPhoneSimulator
	EndGlobalSection
	GlobalSection(ProjectConfigurationPlatforms) = postSolution
		{B19458E6-402A-46FE-A2C9-F725FF315615}.Debug|Any CPU.ActiveCfg = Debug|Any CPU
		{B19458E6-402A-46FE-A2C9-F725FF315615}.Debug|Any CPU.Build.0 = Debug|Any CPU
		{B19458E6-402A-46FE-A2C9-F725FF315615}.Debug|Any CPU.Deploy.0 = Debug|Any CPU
		{B19458E6-402A-46FE-A2C9-F725FF315615}.Debug|iPhone.ActiveCfg = Debug|Any CPU
		{B19458E6-402A-46FE-A2C9-F725FF315615}.Debug|iPhone.Build.0 = Debug|Any CPU
		{B19458E6-402A-46FE-A2C9-F725FF315615}.Debug|iPhone.Deploy.0 = Debug|Any CPU
		{B19458E6-402A-46FE-A2C9-F725FF315615}.Debug|iPhoneSimulator.ActiveCfg = Debug|Any CPU
		{B19458E6-402A-46FE-A2C9-F725FF315615}.Debug|iPhoneSimulator.Build.0 = Debug|Any CPU
		{B19458E6-402A-46FE-A2C9-F725FF315615}.Debug|iPhoneSimulator.Deploy.0 = Debug|Any CPU
		{B19458E6-402A-46FE-A2C9-F725FF315615}.EasyTest|Any CPU.ActiveCfg = Release|Any CPU
		{B19458E6-402A-46FE-A2C9-F725FF315615}.EasyTest|Any CPU.Build.0 = Release|Any CPU
		{B19458E6-402A-46FE-A2C9-F725FF315615}.EasyTest|iPhone.ActiveCfg = Release|Any CPU
		{B19458E6-402A-46FE-A2C9-F725FF315615}.EasyTest|iPhone.Build.0 = Release|Any CPU
		{B19458E6-402A-46FE-A2C9-F725FF315615}.EasyTest|iPhoneSimulator.ActiveCfg = Release|Any CPU
		{B19458E6-402A-46FE-A2C9-F725FF315615}.EasyTest|iPhoneSimulator.Build.0 = Release|Any CPU
		{B19458E6-402A-46FE-A2C9-F725FF315615}.Release|Any CPU.ActiveCfg = Release|Any CPU
		{B19458E6-402A-46FE-A2C9-F725FF315615}.Release|Any CPU.Build.0 = Release|Any CPU
		{B19458E6-402A-46FE-A2C9-F725FF315615}.Release|Any CPU.Deploy.0 = Release|Any CPU
		{B19458E6-402A-46FE-A2C9-F725FF315615}.Release|iPhone.ActiveCfg = Release|Any CPU
		{B19458E6-402A-46FE-A2C9-F725FF315615}.Release|iPhone.Build.0 = Release|Any CPU
		{B19458E6-402A-46FE-A2C9-F725FF315615}.Release|iPhone.Deploy.0 = Release|Any CPU
		{B19458E6-402A-46FE-A2C9-F725FF315615}.Release|iPhoneSimulator.ActiveCfg = Release|Any CPU
		{B19458E6-402A-46FE-A2C9-F725FF315615}.Release|iPhoneSimulator.Build.0 = Release|Any CPU
		{B19458E6-402A-46FE-A2C9-F725FF315615}.Release|iPhoneSimulator.Deploy.0 = Release|Any CPU
		{DC51519F-F680-43DA-93B2-9BAF7E010A78}.Debug|Any CPU.ActiveCfg = Debug|Any CPU
		{DC51519F-F680-43DA-93B2-9BAF7E010A78}.Debug|Any CPU.Build.0 = Debug|Any CPU
		{DC51519F-F680-43DA-93B2-9BAF7E010A78}.Debug|Any CPU.Deploy.0 = Debug|Any CPU
		{DC51519F-F680-43DA-93B2-9BAF7E010A78}.Debug|iPhone.ActiveCfg = Debug|Any CPU
		{DC51519F-F680-43DA-93B2-9BAF7E010A78}.Debug|iPhone.Build.0 = Debug|Any CPU
		{DC51519F-F680-43DA-93B2-9BAF7E010A78}.Debug|iPhone.Deploy.0 = Debug|Any CPU
		{DC51519F-F680-43DA-93B2-9BAF7E010A78}.Debug|iPhoneSimulator.ActiveCfg = Debug|Any CPU
		{DC51519F-F680-43DA-93B2-9BAF7E010A78}.Debug|iPhoneSimulator.Build.0 = Debug|Any CPU
		{DC51519F-F680-43DA-93B2-9BAF7E010A78}.Debug|iPhoneSimulator.Deploy.0 = Debug|Any CPU
		{DC51519F-F680-43DA-93B2-9BAF7E010A78}.EasyTest|Any CPU.ActiveCfg = Release|Any CPU
		{DC51519F-F680-43DA-93B2-9BAF7E010A78}.EasyTest|Any CPU.Build.0 = Release|Any CPU
		{DC51519F-F680-43DA-93B2-9BAF7E010A78}.EasyTest|Any CPU.Deploy.0 = Release|Any CPU
		{DC51519F-F680-43DA-93B2-9BAF7E010A78}.EasyTest|iPhone.ActiveCfg = Release|Any CPU
		{DC51519F-F680-43DA-93B2-9BAF7E010A78}.EasyTest|iPhone.Build.0 = Release|Any CPU
		{DC51519F-F680-43DA-93B2-9BAF7E010A78}.EasyTest|iPhone.Deploy.0 = Release|Any CPU
		{DC51519F-F680-43DA-93B2-9BAF7E010A78}.EasyTest|iPhoneSimulator.ActiveCfg = Release|Any CPU
		{DC51519F-F680-43DA-93B2-9BAF7E010A78}.EasyTest|iPhoneSimulator.Build.0 = Release|Any CPU
		{DC51519F-F680-43DA-93B2-9BAF7E010A78}.EasyTest|iPhoneSimulator.Deploy.0 = Release|Any CPU
		{DC51519F-F680-43DA-93B2-9BAF7E010A78}.Release|Any CPU.ActiveCfg = Release|Any CPU
		{DC51519F-F680-43DA-93B2-9BAF7E010A78}.Release|Any CPU.Build.0 = Release|Any CPU
		{DC51519F-F680-43DA-93B2-9BAF7E010A78}.Release|Any CPU.Deploy.0 = Release|Any CPU
		{DC51519F-F680-43DA-93B2-9BAF7E010A78}.Release|iPhone.ActiveCfg = Release|Any CPU
		{DC51519F-F680-43DA-93B2-9BAF7E010A78}.Release|iPhone.Build.0 = Release|Any CPU
		{DC51519F-F680-43DA-93B2-9BAF7E010A78}.Release|iPhone.Deploy.0 = Release|Any CPU
		{DC51519F-F680-43DA-93B2-9BAF7E010A78}.Release|iPhoneSimulator.ActiveCfg = Release|Any CPU
		{DC51519F-F680-43DA-93B2-9BAF7E010A78}.Release|iPhoneSimulator.Build.0 = Release|Any CPU
		{DC51519F-F680-43DA-93B2-9BAF7E010A78}.Release|iPhoneSimulator.Deploy.0 = Release|Any CPU
		{1EEBD49A-670E-4810-9709-F4A7FBFACC49}.Debug|Any CPU.ActiveCfg = Debug|iPhone
		{1EEBD49A-670E-4810-9709-F4A7FBFACC49}.Debug|iPhone.ActiveCfg = Debug|iPhone
		{1EEBD49A-670E-4810-9709-F4A7FBFACC49}.Debug|iPhone.Build.0 = Debug|iPhone
		{1EEBD49A-670E-4810-9709-F4A7FBFACC49}.Debug|iPhoneSimulator.ActiveCfg = Debug|iPhoneSimulator
		{1EEBD49A-670E-4810-9709-F4A7FBFACC49}.Debug|iPhoneSimulator.Build.0 = Debug|iPhoneSimulator
		{1EEBD49A-670E-4810-9709-F4A7FBFACC49}.EasyTest|Any CPU.ActiveCfg = Release|iPhoneSimulator
		{1EEBD49A-670E-4810-9709-F4A7FBFACC49}.EasyTest|Any CPU.Build.0 = Release|iPhoneSimulator
		{1EEBD49A-670E-4810-9709-F4A7FBFACC49}.EasyTest|iPhone.ActiveCfg = Release|iPhone
		{1EEBD49A-670E-4810-9709-F4A7FBFACC49}.EasyTest|iPhone.Build.0 = Release|iPhone
		{1EEBD49A-670E-4810-9709-F4A7FBFACC49}.EasyTest|iPhoneSimulator.ActiveCfg = Release|iPhoneSimulator
		{1EEBD49A-670E-4810-9709-F4A7FBFACC49}.EasyTest|iPhoneSimulator.Build.0 = Release|iPhoneSimulator
		{1EEBD49A-670E-4810-9709-F4A7FBFACC49}.Release|Any CPU.ActiveCfg = Release|iPhone
		{1EEBD49A-670E-4810-9709-F4A7FBFACC49}.Release|iPhone.ActiveCfg = Release|iPhone
		{1EEBD49A-670E-4810-9709-F4A7FBFACC49}.Release|iPhone.Build.0 = Release|iPhone
		{1EEBD49A-670E-4810-9709-F4A7FBFACC49}.Release|iPhoneSimulator.ActiveCfg = Release|iPhoneSimulator
		{1EEBD49A-670E-4810-9709-F4A7FBFACC49}.Release|iPhoneSimulator.Build.0 = Release|iPhoneSimulator
		{C6B95F83-8D7F-4D62-A04F-BEC611C9D0AE}.Debug|Any CPU.ActiveCfg = Debug|Any CPU
		{C6B95F83-8D7F-4D62-A04F-BEC611C9D0AE}.Debug|Any CPU.Build.0 = Debug|Any CPU
		{C6B95F83-8D7F-4D62-A04F-BEC611C9D0AE}.Debug|iPhone.ActiveCfg = Debug|Any CPU
		{C6B95F83-8D7F-4D62-A04F-BEC611C9D0AE}.Debug|iPhone.Build.0 = Debug|Any CPU
		{C6B95F83-8D7F-4D62-A04F-BEC611C9D0AE}.Debug|iPhoneSimulator.ActiveCfg = Debug|Any CPU
		{C6B95F83-8D7F-4D62-A04F-BEC611C9D0AE}.Debug|iPhoneSimulator.Build.0 = Debug|Any CPU
		{C6B95F83-8D7F-4D62-A04F-BEC611C9D0AE}.EasyTest|Any CPU.ActiveCfg = Release|Any CPU
		{C6B95F83-8D7F-4D62-A04F-BEC611C9D0AE}.EasyTest|Any CPU.Build.0 = Release|Any CPU
		{C6B95F83-8D7F-4D62-A04F-BEC611C9D0AE}.EasyTest|iPhone.ActiveCfg = Release|Any CPU
		{C6B95F83-8D7F-4D62-A04F-BEC611C9D0AE}.EasyTest|iPhone.Build.0 = Release|Any CPU
		{C6B95F83-8D7F-4D62-A04F-BEC611C9D0AE}.EasyTest|iPhoneSimulator.ActiveCfg = Release|Any CPU
		{C6B95F83-8D7F-4D62-A04F-BEC611C9D0AE}.EasyTest|iPhoneSimulator.Build.0 = Release|Any CPU
		{C6B95F83-8D7F-4D62-A04F-BEC611C9D0AE}.Release|Any CPU.ActiveCfg = Release|Any CPU
		{C6B95F83-8D7F-4D62-A04F-BEC611C9D0AE}.Release|Any CPU.Build.0 = Release|Any CPU
		{C6B95F83-8D7F-4D62-A04F-BEC611C9D0AE}.Release|iPhone.ActiveCfg = Release|Any CPU
		{C6B95F83-8D7F-4D62-A04F-BEC611C9D0AE}.Release|iPhone.Build.0 = Release|Any CPU
		{C6B95F83-8D7F-4D62-A04F-BEC611C9D0AE}.Release|iPhoneSimulator.ActiveCfg = Release|Any CPU
		{C6B95F83-8D7F-4D62-A04F-BEC611C9D0AE}.Release|iPhoneSimulator.Build.0 = Release|Any CPU
		{B117B9DC-AB4D-49CC-B988-CA20AFE1642E}.Debug|Any CPU.ActiveCfg = Debug|Any CPU
		{B117B9DC-AB4D-49CC-B988-CA20AFE1642E}.Debug|Any CPU.Build.0 = Debug|Any CPU
		{B117B9DC-AB4D-49CC-B988-CA20AFE1642E}.Debug|iPhone.ActiveCfg = Debug|Any CPU
		{B117B9DC-AB4D-49CC-B988-CA20AFE1642E}.Debug|iPhone.Build.0 = Debug|Any CPU
		{B117B9DC-AB4D-49CC-B988-CA20AFE1642E}.Debug|iPhoneSimulator.ActiveCfg = Debug|Any CPU
		{B117B9DC-AB4D-49CC-B988-CA20AFE1642E}.Debug|iPhoneSimulator.Build.0 = Debug|Any CPU
		{B117B9DC-AB4D-49CC-B988-CA20AFE1642E}.EasyTest|Any CPU.ActiveCfg = Debug|Any CPU
		{B117B9DC-AB4D-49CC-B988-CA20AFE1642E}.EasyTest|Any CPU.Build.0 = Debug|Any CPU
		{B117B9DC-AB4D-49CC-B988-CA20AFE1642E}.EasyTest|iPhone.ActiveCfg = Debug|Any CPU
		{B117B9DC-AB4D-49CC-B988-CA20AFE1642E}.EasyTest|iPhone.Build.0 = Debug|Any CPU
		{B117B9DC-AB4D-49CC-B988-CA20AFE1642E}.EasyTest|iPhoneSimulator.ActiveCfg = Debug|Any CPU
		{B117B9DC-AB4D-49CC-B988-CA20AFE1642E}.EasyTest|iPhoneSimulator.Build.0 = Debug|Any CPU
		{B117B9DC-AB4D-49CC-B988-CA20AFE1642E}.Release|Any CPU.ActiveCfg = Release|Any CPU
		{B117B9DC-AB4D-49CC-B988-CA20AFE1642E}.Release|Any CPU.Build.0 = Release|Any CPU
		{B117B9DC-AB4D-49CC-B988-CA20AFE1642E}.Release|iPhone.ActiveCfg = Release|Any CPU
		{B117B9DC-AB4D-49CC-B988-CA20AFE1642E}.Release|iPhone.Build.0 = Release|Any CPU
		{B117B9DC-AB4D-49CC-B988-CA20AFE1642E}.Release|iPhoneSimulator.ActiveCfg = Release|Any CPU
		{B117B9DC-AB4D-49CC-B988-CA20AFE1642E}.Release|iPhoneSimulator.Build.0 = Release|Any CPU
		{9E29CD29-314D-477C-A43E-DD9FB46BA005}.Debug|Any CPU.ActiveCfg = Debug|Any CPU
		{9E29CD29-314D-477C-A43E-DD9FB46BA005}.Debug|Any CPU.Build.0 = Debug|Any CPU
		{9E29CD29-314D-477C-A43E-DD9FB46BA005}.Debug|iPhone.ActiveCfg = Debug|Any CPU
		{9E29CD29-314D-477C-A43E-DD9FB46BA005}.Debug|iPhone.Build.0 = Debug|Any CPU
		{9E29CD29-314D-477C-A43E-DD9FB46BA005}.Debug|iPhoneSimulator.ActiveCfg = Debug|Any CPU
		{9E29CD29-314D-477C-A43E-DD9FB46BA005}.Debug|iPhoneSimulator.Build.0 = Debug|Any CPU
		{9E29CD29-314D-477C-A43E-DD9FB46BA005}.EasyTest|Any CPU.ActiveCfg = Debug|Any CPU
		{9E29CD29-314D-477C-A43E-DD9FB46BA005}.EasyTest|Any CPU.Build.0 = Debug|Any CPU
		{9E29CD29-314D-477C-A43E-DD9FB46BA005}.EasyTest|iPhone.ActiveCfg = Debug|Any CPU
		{9E29CD29-314D-477C-A43E-DD9FB46BA005}.EasyTest|iPhone.Build.0 = Debug|Any CPU
		{9E29CD29-314D-477C-A43E-DD9FB46BA005}.EasyTest|iPhoneSimulator.ActiveCfg = Debug|Any CPU
		{9E29CD29-314D-477C-A43E-DD9FB46BA005}.EasyTest|iPhoneSimulator.Build.0 = Debug|Any CPU
		{9E29CD29-314D-477C-A43E-DD9FB46BA005}.Release|Any CPU.ActiveCfg = Release|Any CPU
		{9E29CD29-314D-477C-A43E-DD9FB46BA005}.Release|Any CPU.Build.0 = Release|Any CPU
		{9E29CD29-314D-477C-A43E-DD9FB46BA005}.Release|iPhone.ActiveCfg = Release|Any CPU
		{9E29CD29-314D-477C-A43E-DD9FB46BA005}.Release|iPhone.Build.0 = Release|Any CPU
		{9E29CD29-314D-477C-A43E-DD9FB46BA005}.Release|iPhoneSimulator.ActiveCfg = Release|Any CPU
		{9E29CD29-314D-477C-A43E-DD9FB46BA005}.Release|iPhoneSimulator.Build.0 = Release|Any CPU
	EndGlobalSection
	GlobalSection(SolutionProperties) = preSolution
		HideSolutionNode = FALSE
	EndGlobalSection
	GlobalSection(ExtensibilityGlobals) = postSolution
		SolutionGuid = {35B00A56-020C-4EAC-8DF8-5104F08B8127}
	EndGlobalSection
EndGlobal
