
Microsoft Visual Studio Solution File, Format Version 12.00
# Visual Studio Version 16
VisualStudioVersion = 16.0.29424.173
MinimumVisualStudioVersion = 10.0.40219.1
Project("{9A19103F-16F7-4668-BE54-9A1E7A4F7556}") = "WindowsFormsApplication", "WinForms\WindowsFormsApplication.csproj", "{81FAAC91-E977-4A07-9E63-0560301DC667}"
EndProject
Project("{9A19103F-16F7-4668-BE54-9A1E7A4F7556}") = "BusinessObjectsLibrary", "BusinessObjectsLibrary\BusinessObjectsLibrary.csproj", "{7C95F62E-EAFE-43E1-A79D-8D15B5840A41}"
EndProject
Project("{9A19103F-16F7-4668-BE54-9A1E7A4F7556}") = "DatabaseUpdater", "DatabaseUpdater\DatabaseUpdater.csproj", "{CE88C0FE-06E3-4751-B178-0A6824005D87}"
EndProject
Global
	GlobalSection(SolutionConfigurationPlatforms) = preSolution
		Debug|Any CPU = Debug|Any CPU
		EasyTest|Any CPU = EasyTest|Any CPU
		Release|Any CPU = Release|Any CPU
	EndGlobalSection
	GlobalSection(ProjectConfigurationPlatforms) = postSolution
		{7C95F62E-EAFE-43E1-A79D-8D15B5840A41}.Debug|Any CPU.ActiveCfg = Debug|Any CPU
		{7C95F62E-EAFE-43E1-A79D-8D15B5840A41}.Debug|Any CPU.Build.0 = Debug|Any CPU
		{7C95F62E-EAFE-43E1-A79D-8D15B5840A41}.EasyTest|Any CPU.ActiveCfg = Debug|Any CPU
		{7C95F62E-EAFE-43E1-A79D-8D15B5840A41}.EasyTest|Any CPU.Build.0 = Debug|Any CPU
		{7C95F62E-EAFE-43E1-A79D-8D15B5840A41}.Release|Any CPU.ActiveCfg = Release|Any CPU
		{7C95F62E-EAFE-43E1-A79D-8D15B5840A41}.Release|Any CPU.Build.0 = Release|Any CPU
		{CE88C0FE-06E3-4751-B178-0A6824005D87}.Debug|Any CPU.ActiveCfg = Debug|Any CPU
		{CE88C0FE-06E3-4751-B178-0A6824005D87}.Debug|Any CPU.Build.0 = Debug|Any CPU
		{CE88C0FE-06E3-4751-B178-0A6824005D87}.EasyTest|Any CPU.ActiveCfg = Debug|Any CPU
		{CE88C0FE-06E3-4751-B178-0A6824005D87}.EasyTest|Any CPU.Build.0 = Debug|Any CPU
		{CE88C0FE-06E3-4751-B178-0A6824005D87}.Release|Any CPU.ActiveCfg = Release|Any CPU
		{CE88C0FE-06E3-4751-B178-0A6824005D87}.Release|Any CPU.Build.0 = Release|Any CPU
		{81FAAC91-E977-4A07-9E63-0560301DC667}.Debug|Any CPU.ActiveCfg = Debug|Any CPU
		{81FAAC91-E977-4A07-9E63-0560301DC667}.Debug|Any CPU.Build.0 = Debug|Any CPU
		{81FAAC91-E977-4A07-9E63-0560301DC667}.EasyTest|Any CPU.ActiveCfg = Debug|Any CPU
		{81FAAC91-E977-4A07-9E63-0560301DC667}.EasyTest|Any CPU.Build.0 = Debug|Any CPU
		{81FAAC91-E977-4A07-9E63-0560301DC667}.Release|Any CPU.ActiveCfg = Release|Any CPU
		{81FAAC91-E977-4A07-9E63-0560301DC667}.Release|Any CPU.Build.0 = Release|Any CPU
	EndGlobalSection
	GlobalSection(SolutionProperties) = preSolution
		HideSolutionNode = FALSE
	EndGlobalSection
	GlobalSection(ExtensibilityGlobals) = postSolution
		SolutionGuid = {F3AD9080-D3BE-472D-A4C1-E11572A2B959}
	EndGlobalSection
EndGlobal
