
Microsoft Visual Studio Solution File, Format Version 12.00
# Visual Studio Version 16
VisualStudioVersion = 16.0.30225.117
MinimumVisualStudioVersion = 10.0.40219.1
Project("{9A19103F-16F7-4668-BE54-9A1E7A4F7556}") = "XamarinFormsDemo", "Xamarin.Forms\XamarinFormsDemo\XamarinFormsDemo.csproj", "{F96AC3FF-6B55-401D-AAB1-10B9A7460A53}"
EndProject
Project("{9A19103F-16F7-4668-BE54-9A1E7A4F7556}") = "BusinessObjectsLibrary", "BusinessObjectsLibrary\BusinessObjectsLibrary.csproj", "{079E048F-B1FE-462C-8FB9-2AB697876513}"
EndProject
Project("{9A19103F-16F7-4668-BE54-9A1E7A4F7556}") = "DatabaseUpdater", "DatabaseUpdater\DatabaseUpdater.csproj", "{88095310-5DED-4BB4-8812-03EFC13F5A43}"
EndProject
Project("{9A19103F-16F7-4668-BE54-9A1E7A4F7556}") = "WebApiService", "Xamarin.Forms\WebApiService\WebApiService.csproj", "{80B80DCE-C459-4A52-818E-678942A35258}"
EndProject
Project("{FAE04EC0-301F-11D3-BF4B-00C04F79EFBC}") = "XamarinFormsDemo.Android", "Xamarin.Forms\XamarinFormsDemo.Android\XamarinFormsDemo.Android.csproj", "{DC51519F-F680-43DA-93B2-9BAF7E010A78}"
EndProject
Project("{FAE04EC0-301F-11D3-BF4B-00C04F79EFBC}") = "XamarinFormsDemo.iOS", "Xamarin.Forms\XamarinFormsDemo.iOS\XamarinFormsDemo.iOS.csproj", "{1EEBD49A-670E-4810-9709-F4A7FBFACC49}"
EndProject
Global
	GlobalSection(SolutionConfigurationPlatforms) = preSolution
		Debug|Any CPU = Debug|Any CPU
		Debug|iPhone = Debug|iPhone
		Debug|iPhoneSimulator = Debug|iPhoneSimulator
		EasyTest|Any CPU = EasyTest|Any CPU
		EasyTest|iPhone = EasyTest|iPhone
		EasyTest|iPhoneSimulator = EasyTest|iPhoneSimulator
		Release|Any CPU = Release|Any CPU
		Release|iPhone = Release|iPhone
		Release|iPhoneSimulator = Release|iPhoneSimulator
	EndGlobalSection
	GlobalSection(ProjectConfigurationPlatforms) = postSolution
		{079E048F-B1FE-462C-8FB9-2AB697876513}.Debug|Any CPU.ActiveCfg = Debug|Any CPU
		{079E048F-B1FE-462C-8FB9-2AB697876513}.Debug|Any CPU.Build.0 = Debug|Any CPU
		{079E048F-B1FE-462C-8FB9-2AB697876513}.Debug|iPhone.ActiveCfg = Debug|Any CPU
		{079E048F-B1FE-462C-8FB9-2AB697876513}.Debug|iPhone.Build.0 = Debug|Any CPU
		{079E048F-B1FE-462C-8FB9-2AB697876513}.Debug|iPhoneSimulator.ActiveCfg = Debug|Any CPU
		{079E048F-B1FE-462C-8FB9-2AB697876513}.Debug|iPhoneSimulator.Build.0 = Debug|Any CPU
		{079E048F-B1FE-462C-8FB9-2AB697876513}.EasyTest|Any CPU.ActiveCfg = Debug|Any CPU
		{079E048F-B1FE-462C-8FB9-2AB697876513}.EasyTest|Any CPU.Build.0 = Debug|Any CPU
		{079E048F-B1FE-462C-8FB9-2AB697876513}.EasyTest|iPhone.ActiveCfg = Debug|Any CPU
		{079E048F-B1FE-462C-8FB9-2AB697876513}.EasyTest|iPhone.Build.0 = Debug|Any CPU
		{079E048F-B1FE-462C-8FB9-2AB697876513}.EasyTest|iPhoneSimulator.ActiveCfg = Debug|Any CPU
		{079E048F-B1FE-462C-8FB9-2AB697876513}.EasyTest|iPhoneSimulator.Build.0 = Debug|Any CPU
		{079E048F-B1FE-462C-8FB9-2AB697876513}.Release|Any CPU.ActiveCfg = Release|Any CPU
		{079E048F-B1FE-462C-8FB9-2AB697876513}.Release|Any CPU.Build.0 = Release|Any CPU
		{079E048F-B1FE-462C-8FB9-2AB697876513}.Release|iPhone.ActiveCfg = Release|Any CPU
		{079E048F-B1FE-462C-8FB9-2AB697876513}.Release|iPhone.Build.0 = Release|Any CPU
		{079E048F-B1FE-462C-8FB9-2AB697876513}.Release|iPhoneSimulator.ActiveCfg = Release|Any CPU
		{079E048F-B1FE-462C-8FB9-2AB697876513}.Release|iPhoneSimulator.Build.0 = Release|Any CPU
		{88095310-5DED-4BB4-8812-03EFC13F5A43}.Debug|Any CPU.ActiveCfg = Debug|Any CPU
		{88095310-5DED-4BB4-8812-03EFC13F5A43}.Debug|Any CPU.Build.0 = Debug|Any CPU
		{88095310-5DED-4BB4-8812-03EFC13F5A43}.Debug|iPhone.ActiveCfg = Debug|Any CPU
		{88095310-5DED-4BB4-8812-03EFC13F5A43}.Debug|iPhone.Build.0 = Debug|Any CPU
		{88095310-5DED-4BB4-8812-03EFC13F5A43}.Debug|iPhoneSimulator.ActiveCfg = Debug|Any CPU
		{88095310-5DED-4BB4-8812-03EFC13F5A43}.Debug|iPhoneSimulator.Build.0 = Debug|Any CPU
		{88095310-5DED-4BB4-8812-03EFC13F5A43}.EasyTest|Any CPU.ActiveCfg = Debug|Any CPU
		{88095310-5DED-4BB4-8812-03EFC13F5A43}.EasyTest|Any CPU.Build.0 = Debug|Any CPU
		{88095310-5DED-4BB4-8812-03EFC13F5A43}.EasyTest|iPhone.ActiveCfg = Debug|Any CPU
		{88095310-5DED-4BB4-8812-03EFC13F5A43}.EasyTest|iPhone.Build.0 = Debug|Any CPU
		{88095310-5DED-4BB4-8812-03EFC13F5A43}.EasyTest|iPhoneSimulator.ActiveCfg = Debug|Any CPU
		{88095310-5DED-4BB4-8812-03EFC13F5A43}.EasyTest|iPhoneSimulator.Build.0 = Debug|Any CPU
		{88095310-5DED-4BB4-8812-03EFC13F5A43}.Release|Any CPU.ActiveCfg = Release|Any CPU
		{88095310-5DED-4BB4-8812-03EFC13F5A43}.Release|Any CPU.Build.0 = Release|Any CPU
		{88095310-5DED-4BB4-8812-03EFC13F5A43}.Release|iPhone.ActiveCfg = Release|Any CPU
		{88095310-5DED-4BB4-8812-03EFC13F5A43}.Release|iPhone.Build.0 = Release|Any CPU
		{88095310-5DED-4BB4-8812-03EFC13F5A43}.Release|iPhoneSimulator.ActiveCfg = Release|Any CPU
		{88095310-5DED-4BB4-8812-03EFC13F5A43}.Release|iPhoneSimulator.Build.0 = Release|Any CPU
		{80B80DCE-C459-4A52-818E-678942A35258}.Debug|Any CPU.ActiveCfg = Debug|Any CPU
		{80B80DCE-C459-4A52-818E-678942A35258}.Debug|Any CPU.Build.0 = Debug|Any CPU
		{80B80DCE-C459-4A52-818E-678942A35258}.Debug|iPhone.ActiveCfg = Debug|Any CPU
		{80B80DCE-C459-4A52-818E-678942A35258}.Debug|iPhone.Build.0 = Debug|Any CPU
		{80B80DCE-C459-4A52-818E-678942A35258}.Debug|iPhoneSimulator.ActiveCfg = Debug|Any CPU
		{80B80DCE-C459-4A52-818E-678942A35258}.Debug|iPhoneSimulator.Build.0 = Debug|Any CPU
		{80B80DCE-C459-4A52-818E-678942A35258}.EasyTest|Any CPU.ActiveCfg = Debug|Any CPU
		{80B80DCE-C459-4A52-818E-678942A35258}.EasyTest|Any CPU.Build.0 = Debug|Any CPU
		{80B80DCE-C459-4A52-818E-678942A35258}.EasyTest|iPhone.ActiveCfg = Debug|Any CPU
		{80B80DCE-C459-4A52-818E-678942A35258}.EasyTest|iPhone.Build.0 = Debug|Any CPU
		{80B80DCE-C459-4A52-818E-678942A35258}.EasyTest|iPhoneSimulator.ActiveCfg = Debug|Any CPU
		{80B80DCE-C459-4A52-818E-678942A35258}.EasyTest|iPhoneSimulator.Build.0 = Debug|Any CPU
		{80B80DCE-C459-4A52-818E-678942A35258}.Release|Any CPU.ActiveCfg = Release|Any CPU
		{80B80DCE-C459-4A52-818E-678942A35258}.Release|Any CPU.Build.0 = Release|Any CPU
		{80B80DCE-C459-4A52-818E-678942A35258}.Release|iPhone.ActiveCfg = Release|Any CPU
		{80B80DCE-C459-4A52-818E-678942A35258}.Release|iPhone.Build.0 = Release|Any CPU
		{80B80DCE-C459-4A52-818E-678942A35258}.Release|iPhoneSimulator.ActiveCfg = Release|Any CPU
		{80B80DCE-C459-4A52-818E-678942A35258}.Release|iPhoneSimulator.Build.0 = Release|Any CPU
		{F96AC3FF-6B55-401D-AAB1-10B9A7460A53}.Debug|Any CPU.ActiveCfg = Debug|Any CPU
		{F96AC3FF-6B55-401D-AAB1-10B9A7460A53}.Debug|Any CPU.Build.0 = Debug|Any CPU
		{F96AC3FF-6B55-401D-AAB1-10B9A7460A53}.Debug|iPhone.ActiveCfg = Debug|Any CPU
		{F96AC3FF-6B55-401D-AAB1-10B9A7460A53}.Debug|iPhone.Build.0 = Debug|Any CPU
		{F96AC3FF-6B55-401D-AAB1-10B9A7460A53}.Debug|iPhoneSimulator.ActiveCfg = Debug|Any CPU
		{F96AC3FF-6B55-401D-AAB1-10B9A7460A53}.Debug|iPhoneSimulator.Build.0 = Debug|Any CPU
		{F96AC3FF-6B55-401D-AAB1-10B9A7460A53}.EasyTest|Any CPU.ActiveCfg = Debug|Any CPU
		{F96AC3FF-6B55-401D-AAB1-10B9A7460A53}.EasyTest|Any CPU.Build.0 = Debug|Any CPU
		{F96AC3FF-6B55-401D-AAB1-10B9A7460A53}.EasyTest|iPhone.ActiveCfg = Debug|Any CPU
		{F96AC3FF-6B55-401D-AAB1-10B9A7460A53}.EasyTest|iPhone.Build.0 = Debug|Any CPU
		{F96AC3FF-6B55-401D-AAB1-10B9A7460A53}.EasyTest|iPhoneSimulator.ActiveCfg = Debug|Any CPU
		{F96AC3FF-6B55-401D-AAB1-10B9A7460A53}.EasyTest|iPhoneSimulator.Build.0 = Debug|Any CPU
		{F96AC3FF-6B55-401D-AAB1-10B9A7460A53}.Release|Any CPU.ActiveCfg = Release|Any CPU
		{F96AC3FF-6B55-401D-AAB1-10B9A7460A53}.Release|Any CPU.Build.0 = Release|Any CPU
		{F96AC3FF-6B55-401D-AAB1-10B9A7460A53}.Release|iPhone.ActiveCfg = Release|Any CPU
		{F96AC3FF-6B55-401D-AAB1-10B9A7460A53}.Release|iPhone.Build.0 = Release|Any CPU
		{F96AC3FF-6B55-401D-AAB1-10B9A7460A53}.Release|iPhoneSimulator.ActiveCfg = Release|Any CPU
		{F96AC3FF-6B55-401D-AAB1-10B9A7460A53}.Release|iPhoneSimulator.Build.0 = Release|Any CPU
		{DC51519F-F680-43DA-93B2-9BAF7E010A78}.Debug|Any CPU.ActiveCfg = Debug|Any CPU
		{DC51519F-F680-43DA-93B2-9BAF7E010A78}.Debug|Any CPU.Build.0 = Debug|Any CPU
		{DC51519F-F680-43DA-93B2-9BAF7E010A78}.Debug|Any CPU.Deploy.0 = Debug|Any CPU
		{DC51519F-F680-43DA-93B2-9BAF7E010A78}.Debug|iPhone.ActiveCfg = Debug|Any CPU
		{DC51519F-F680-43DA-93B2-9BAF7E010A78}.Debug|iPhone.Build.0 = Debug|Any CPU
		{DC51519F-F680-43DA-93B2-9BAF7E010A78}.Debug|iPhone.Deploy.0 = Debug|Any CPU
		{DC51519F-F680-43DA-93B2-9BAF7E010A78}.Debug|iPhoneSimulator.ActiveCfg = Debug|Any CPU
		{DC51519F-F680-43DA-93B2-9BAF7E010A78}.Debug|iPhoneSimulator.Build.0 = Debug|Any CPU
		{DC51519F-F680-43DA-93B2-9BAF7E010A78}.Debug|iPhoneSimulator.Deploy.0 = Debug|Any CPU
		{DC51519F-F680-43DA-93B2-9BAF7E010A78}.EasyTest|Any CPU.ActiveCfg = Debug|Any CPU
		{DC51519F-F680-43DA-93B2-9BAF7E010A78}.EasyTest|Any CPU.Build.0 = Debug|Any CPU
		{DC51519F-F680-43DA-93B2-9BAF7E010A78}.EasyTest|Any CPU.Deploy.0 = Debug|Any CPU
		{DC51519F-F680-43DA-93B2-9BAF7E010A78}.EasyTest|iPhone.ActiveCfg = Debug|Any CPU
		{DC51519F-F680-43DA-93B2-9BAF7E010A78}.EasyTest|iPhone.Build.0 = Debug|Any CPU
		{DC51519F-F680-43DA-93B2-9BAF7E010A78}.EasyTest|iPhone.Deploy.0 = Debug|Any CPU
		{DC51519F-F680-43DA-93B2-9BAF7E010A78}.EasyTest|iPhoneSimulator.ActiveCfg = Debug|Any CPU
		{DC51519F-F680-43DA-93B2-9BAF7E010A78}.EasyTest|iPhoneSimulator.Build.0 = Debug|Any CPU
		{DC51519F-F680-43DA-93B2-9BAF7E010A78}.EasyTest|iPhoneSimulator.Deploy.0 = Debug|Any CPU
		{DC51519F-F680-43DA-93B2-9BAF7E010A78}.Release|Any CPU.ActiveCfg = Release|Any CPU
		{DC51519F-F680-43DA-93B2-9BAF7E010A78}.Release|Any CPU.Build.0 = Release|Any CPU
		{DC51519F-F680-43DA-93B2-9BAF7E010A78}.Release|Any CPU.Deploy.0 = Release|Any CPU
		{DC51519F-F680-43DA-93B2-9BAF7E010A78}.Release|iPhone.ActiveCfg = Release|Any CPU
		{DC51519F-F680-43DA-93B2-9BAF7E010A78}.Release|iPhone.Build.0 = Release|Any CPU
		{DC51519F-F680-43DA-93B2-9BAF7E010A78}.Release|iPhone.Deploy.0 = Release|Any CPU
		{DC51519F-F680-43DA-93B2-9BAF7E010A78}.Release|iPhoneSimulator.ActiveCfg = Release|Any CPU
		{DC51519F-F680-43DA-93B2-9BAF7E010A78}.Release|iPhoneSimulator.Build.0 = Release|Any CPU
		{DC51519F-F680-43DA-93B2-9BAF7E010A78}.Release|iPhoneSimulator.Deploy.0 = Release|Any CPU
		{1EEBD49A-670E-4810-9709-F4A7FBFACC49}.Debug|Any CPU.ActiveCfg = Debug|iPhoneSimulator
		{1EEBD49A-670E-4810-9709-F4A7FBFACC49}.Debug|iPhone.ActiveCfg = Debug|iPhone
		{1EEBD49A-670E-4810-9709-F4A7FBFACC49}.Debug|iPhone.Build.0 = Debug|iPhone
		{1EEBD49A-670E-4810-9709-F4A7FBFACC49}.Debug|iPhoneSimulator.ActiveCfg = Debug|iPhoneSimulator
		{1EEBD49A-670E-4810-9709-F4A7FBFACC49}.Debug|iPhoneSimulator.Build.0 = Debug|iPhoneSimulator
		{1EEBD49A-670E-4810-9709-F4A7FBFACC49}.EasyTest|Any CPU.ActiveCfg = Debug|iPhoneSimulator
		{1EEBD49A-670E-4810-9709-F4A7FBFACC49}.EasyTest|Any CPU.Build.0 = Debug|iPhoneSimulator
		{1EEBD49A-670E-4810-9709-F4A7FBFACC49}.EasyTest|iPhone.ActiveCfg = Debug|iPhone
		{1EEBD49A-670E-4810-9709-F4A7FBFACC49}.EasyTest|iPhone.Build.0 = Debug|iPhone
		{1EEBD49A-670E-4810-9709-F4A7FBFACC49}.EasyTest|iPhoneSimulator.ActiveCfg = Debug|iPhoneSimulator
		{1EEBD49A-670E-4810-9709-F4A7FBFACC49}.EasyTest|iPhoneSimulator.Build.0 = Debug|iPhoneSimulator
		{1EEBD49A-670E-4810-9709-F4A7FBFACC49}.Release|Any CPU.ActiveCfg = Release|iPhoneSimulator
		{1EEBD49A-670E-4810-9709-F4A7FBFACC49}.Release|iPhone.ActiveCfg = Release|iPhone
		{1EEBD49A-670E-4810-9709-F4A7FBFACC49}.Release|iPhone.Build.0 = Release|iPhone
		{1EEBD49A-670E-4810-9709-F4A7FBFACC49}.Release|iPhoneSimulator.ActiveCfg = Release|iPhoneSimulator
		{1EEBD49A-670E-4810-9709-F4A7FBFACC49}.Release|iPhoneSimulator.Build.0 = Release|iPhoneSimulator
	EndGlobalSection
	GlobalSection(SolutionProperties) = preSolution
		HideSolutionNode = FALSE
	EndGlobalSection
	GlobalSection(ExtensibilityGlobals) = postSolution
		SolutionGuid = {35B00A56-020C-4EAC-8DF8-5104F08B8127}
	EndGlobalSection
EndGlobal
